// !$*UTF8*$!
{
	archiveVersion = 1;
	classes = {
	};
	objectVersion = 56;
	objects = {

/* Begin PBXBuildFile section */
		5502185B2962295900F0509F /* SDL2.framework in Frameworks */ = {isa = PBXBuildFile; fileRef = 55238E4B2961D74300AC0C43 /* SDL2.framework */; };
		5502185E29622A3D00F0509F /* config.xcconfig in Resources */ = {isa = PBXBuildFile; fileRef = 5502185D29622A3D00F0509F /* config.xcconfig */; };
		5502185F29622A3D00F0509F /* config.xcconfig in Resources */ = {isa = PBXBuildFile; fileRef = 5502185D29622A3D00F0509F /* config.xcconfig */; };
		5502186029622A3D00F0509F /* config.xcconfig in Resources */ = {isa = PBXBuildFile; fileRef = 5502185D29622A3D00F0509F /* config.xcconfig */; };
		5502186229622A7200F0509F /* asset in Resources */ = {isa = PBXBuildFile; fileRef = 5502186129622A7200F0509F /* asset */; };
		5502186329622A7300F0509F /* asset in Resources */ = {isa = PBXBuildFile; fileRef = 5502186129622A7200F0509F /* asset */; };
		5502186429622A7300F0509F /* asset in Resources */ = {isa = PBXBuildFile; fileRef = 5502186129622A7200F0509F /* asset */; };
		5504DE45299D935E00F7C920 /* language.cpp in Sources */ = {isa = PBXBuildFile; fileRef = 5504DE43299D935E00F7C920 /* language.cpp */; };
		5504DE7A299E218D00F7C920 /* LanguageSelector.cpp in Sources */ = {isa = PBXBuildFile; fileRef = 5504DE78299E218D00F7C920 /* LanguageSelector.cpp */; };
		5513F4C029623555007C9B13 /* SDL2.framework in Frameworks */ = {isa = PBXBuildFile; fileRef = 55238E4D2961D74300AC0C43 /* SDL2.framework */; };
		5513F4C129623555007C9B13 /* SDL2.framework in Embed Frameworks */ = {isa = PBXBuildFile; fileRef = 55238E4D2961D74300AC0C43 /* SDL2.framework */; settings = {ATTRIBUTES = (CodeSignOnCopy, RemoveHeadersOnCopy, ); }; };
		5513F4C329623581007C9B13 /* SDL2_image.framework in Frameworks */ = {isa = PBXBuildFile; fileRef = 55238E6A2961D75700AC0C43 /* SDL2_image.framework */; };
		5513F4C429623581007C9B13 /* SDL2_image.framework in Embed Frameworks */ = {isa = PBXBuildFile; fileRef = 55238E6A2961D75700AC0C43 /* SDL2_image.framework */; settings = {ATTRIBUTES = (CodeSignOnCopy, RemoveHeadersOnCopy, ); }; };
		5513F4C529623581007C9B13 /* SDL2_mixer.framework in Frameworks */ = {isa = PBXBuildFile; fileRef = 55238E792961D76600AC0C43 /* SDL2_mixer.framework */; };
		5513F4C629623581007C9B13 /* SDL2_mixer.framework in Embed Frameworks */ = {isa = PBXBuildFile; fileRef = 55238E792961D76600AC0C43 /* SDL2_mixer.framework */; settings = {ATTRIBUTES = (CodeSignOnCopy, RemoveHeadersOnCopy, ); }; };
		5513F4C729623581007C9B13 /* SDL2_ttf.framework in Frameworks */ = {isa = PBXBuildFile; fileRef = 55238E852961D77500AC0C43 /* SDL2_ttf.framework */; };
		5513F4C829623581007C9B13 /* SDL2_ttf.framework in Embed Frameworks */ = {isa = PBXBuildFile; fileRef = 55238E852961D77500AC0C43 /* SDL2_ttf.framework */; settings = {ATTRIBUTES = (CodeSignOnCopy, RemoveHeadersOnCopy, ); }; };
		5513F4D229623669007C9B13 /* LaunchScreen.storyboard in Resources */ = {isa = PBXBuildFile; fileRef = 5513F4D129623669007C9B13 /* LaunchScreen.storyboard */; };
		5513F51729631104007C9B13 /* UIButton.cpp in Sources */ = {isa = PBXBuildFile; fileRef = 5513F51529631104007C9B13 /* UIButton.cpp */; };
		5513F51829631104007C9B13 /* UIButton.cpp in Sources */ = {isa = PBXBuildFile; fileRef = 5513F51529631104007C9B13 /* UIButton.cpp */; };
		5513F51929631104007C9B13 /* UIButton.cpp in Sources */ = {isa = PBXBuildFile; fileRef = 5513F51529631104007C9B13 /* UIButton.cpp */; };
		55238DE02961C9B500AC0C43 /* Main.storyboard in Resources */ = {isa = PBXBuildFile; fileRef = 55238DDE2961C9B500AC0C43 /* Main.storyboard */; };
		55238DE32961C9B500AC0C43 /* LaunchScreen.storyboard in Resources */ = {isa = PBXBuildFile; fileRef = 55238DE12961C9B500AC0C43 /* LaunchScreen.storyboard */; };
		55238DF42961C9B500AC0C43 /* Main.storyboard in Resources */ = {isa = PBXBuildFile; fileRef = 55238DF22961C9B500AC0C43 /* Main.storyboard */; };
		55238E9C2961DACA00AC0C43 /* SDL2_image.framework in Frameworks */ = {isa = PBXBuildFile; fileRef = 55238E6A2961D75700AC0C43 /* SDL2_image.framework */; };
		55238E9D2961DACA00AC0C43 /* SDL2_image.framework in Embed Frameworks */ = {isa = PBXBuildFile; fileRef = 55238E6A2961D75700AC0C43 /* SDL2_image.framework */; settings = {ATTRIBUTES = (CodeSignOnCopy, RemoveHeadersOnCopy, ); }; };
		55238E9F2961DACB00AC0C43 /* SDL2_mixer.framework in Frameworks */ = {isa = PBXBuildFile; fileRef = 55238E792961D76600AC0C43 /* SDL2_mixer.framework */; };
		55238EA02961DACB00AC0C43 /* SDL2_mixer.framework in Embed Frameworks */ = {isa = PBXBuildFile; fileRef = 55238E792961D76600AC0C43 /* SDL2_mixer.framework */; settings = {ATTRIBUTES = (CodeSignOnCopy, RemoveHeadersOnCopy, ); }; };
		55238EA12961DACC00AC0C43 /* SDL2_ttf.framework in Frameworks */ = {isa = PBXBuildFile; fileRef = 55238E852961D77500AC0C43 /* SDL2_ttf.framework */; };
		55238EA22961DACC00AC0C43 /* SDL2_ttf.framework in Embed Frameworks */ = {isa = PBXBuildFile; fileRef = 55238E852961D77500AC0C43 /* SDL2_ttf.framework */; settings = {ATTRIBUTES = (CodeSignOnCopy, RemoveHeadersOnCopy, ); }; };
		55238EA32961DACE00AC0C43 /* SDL2.framework in Frameworks */ = {isa = PBXBuildFile; fileRef = 55238E4F2961D74300AC0C43 /* SDL2.framework */; };
		55238EA42961DACE00AC0C43 /* SDL2.framework in Embed Frameworks */ = {isa = PBXBuildFile; fileRef = 55238E4F2961D74300AC0C43 /* SDL2.framework */; settings = {ATTRIBUTES = (CodeSignOnCopy, RemoveHeadersOnCopy, ); }; };
		55238EA92961DB0000AC0C43 /* SDL2_image.framework in Frameworks */ = {isa = PBXBuildFile; fileRef = 55238E6A2961D75700AC0C43 /* SDL2_image.framework */; };
		55238EAA2961DB0000AC0C43 /* SDL2_image.framework in Embed Frameworks */ = {isa = PBXBuildFile; fileRef = 55238E6A2961D75700AC0C43 /* SDL2_image.framework */; settings = {ATTRIBUTES = (CodeSignOnCopy, RemoveHeadersOnCopy, ); }; };
		55238EAC2961DB0100AC0C43 /* SDL2_mixer.framework in Frameworks */ = {isa = PBXBuildFile; fileRef = 55238E792961D76600AC0C43 /* SDL2_mixer.framework */; };
		55238EAD2961DB0100AC0C43 /* SDL2_mixer.framework in Embed Frameworks */ = {isa = PBXBuildFile; fileRef = 55238E792961D76600AC0C43 /* SDL2_mixer.framework */; settings = {ATTRIBUTES = (CodeSignOnCopy, RemoveHeadersOnCopy, ); }; };
		55238EAE2961DB0300AC0C43 /* SDL2_ttf.framework in Frameworks */ = {isa = PBXBuildFile; fileRef = 55238E852961D77500AC0C43 /* SDL2_ttf.framework */; };
		55238EAF2961DB0300AC0C43 /* SDL2_ttf.framework in Embed Frameworks */ = {isa = PBXBuildFile; fileRef = 55238E852961D77500AC0C43 /* SDL2_ttf.framework */; settings = {ATTRIBUTES = (CodeSignOnCopy, RemoveHeadersOnCopy, ); }; };
		55238EB12961DB0500AC0C43 /* SDL2.framework in Embed Frameworks */ = {isa = PBXBuildFile; fileRef = 55238E4D2961D74300AC0C43 /* SDL2.framework */; settings = {ATTRIBUTES = (CodeSignOnCopy, RemoveHeadersOnCopy, ); }; };
		55238FE92962239800AC0C43 /* CubeGame.cpp in Sources */ = {isa = PBXBuildFile; fileRef = 55238FAF2962239800AC0C43 /* CubeGame.cpp */; };
		55238FEA2962239800AC0C43 /* CubeGame.cpp in Sources */ = {isa = PBXBuildFile; fileRef = 55238FAF2962239800AC0C43 /* CubeGame.cpp */; };
		55238FEB2962239800AC0C43 /* CubeGame.cpp in Sources */ = {isa = PBXBuildFile; fileRef = 55238FAF2962239800AC0C43 /* CubeGame.cpp */; };
		55238FEC2962239800AC0C43 /* AudioHandler.cpp in Sources */ = {isa = PBXBuildFile; fileRef = 55238FB02962239800AC0C43 /* AudioHandler.cpp */; };
		55238FED2962239800AC0C43 /* AudioHandler.cpp in Sources */ = {isa = PBXBuildFile; fileRef = 55238FB02962239800AC0C43 /* AudioHandler.cpp */; };
		55238FEE2962239800AC0C43 /* AudioHandler.cpp in Sources */ = {isa = PBXBuildFile; fileRef = 55238FB02962239800AC0C43 /* AudioHandler.cpp */; };
		55238FEF2962239800AC0C43 /* CubeObject_render.cpp in Sources */ = {isa = PBXBuildFile; fileRef = 55238FB32962239800AC0C43 /* CubeObject_render.cpp */; };
		55238FF02962239800AC0C43 /* CubeObject_render.cpp in Sources */ = {isa = PBXBuildFile; fileRef = 55238FB32962239800AC0C43 /* CubeObject_render.cpp */; };
		55238FF12962239800AC0C43 /* CubeObject_render.cpp in Sources */ = {isa = PBXBuildFile; fileRef = 55238FB32962239800AC0C43 /* CubeObject_render.cpp */; };
		55238FF22962239800AC0C43 /* CubeObject.cpp in Sources */ = {isa = PBXBuildFile; fileRef = 55238FB42962239800AC0C43 /* CubeObject.cpp */; };
		55238FF32962239800AC0C43 /* CubeObject.cpp in Sources */ = {isa = PBXBuildFile; fileRef = 55238FB42962239800AC0C43 /* CubeObject.cpp */; };
		55238FF42962239800AC0C43 /* CubeObject.cpp in Sources */ = {isa = PBXBuildFile; fileRef = 55238FB42962239800AC0C43 /* CubeObject.cpp */; };
		55238FF52962239800AC0C43 /* Player.cpp in Sources */ = {isa = PBXBuildFile; fileRef = 55238FB52962239800AC0C43 /* Player.cpp */; };
		55238FF62962239800AC0C43 /* Player.cpp in Sources */ = {isa = PBXBuildFile; fileRef = 55238FB52962239800AC0C43 /* Player.cpp */; };
		55238FF72962239800AC0C43 /* Player.cpp in Sources */ = {isa = PBXBuildFile; fileRef = 55238FB52962239800AC0C43 /* Player.cpp */; };
		55238FF82962239800AC0C43 /* Text.cpp in Sources */ = {isa = PBXBuildFile; fileRef = 55238FB62962239800AC0C43 /* Text.cpp */; };
		55238FF92962239800AC0C43 /* Text.cpp in Sources */ = {isa = PBXBuildFile; fileRef = 55238FB62962239800AC0C43 /* Text.cpp */; };
		55238FFA2962239800AC0C43 /* Text.cpp in Sources */ = {isa = PBXBuildFile; fileRef = 55238FB62962239800AC0C43 /* Text.cpp */; };
		55238FFB2962239800AC0C43 /* CubeMapMiniMap.cpp in Sources */ = {isa = PBXBuildFile; fileRef = 55238FB72962239800AC0C43 /* CubeMapMiniMap.cpp */; };
		55238FFC2962239800AC0C43 /* CubeMapMiniMap.cpp in Sources */ = {isa = PBXBuildFile; fileRef = 55238FB72962239800AC0C43 /* CubeMapMiniMap.cpp */; };
		55238FFD2962239800AC0C43 /* CubeMapMiniMap.cpp in Sources */ = {isa = PBXBuildFile; fileRef = 55238FB72962239800AC0C43 /* CubeMapMiniMap.cpp */; };
		55238FFE2962239800AC0C43 /* WorldMap.cpp in Sources */ = {isa = PBXBuildFile; fileRef = 55238FB82962239800AC0C43 /* WorldMap.cpp */; };
		55238FFF2962239800AC0C43 /* WorldMap.cpp in Sources */ = {isa = PBXBuildFile; fileRef = 55238FB82962239800AC0C43 /* WorldMap.cpp */; };
		552390002962239800AC0C43 /* WorldMap.cpp in Sources */ = {isa = PBXBuildFile; fileRef = 55238FB82962239800AC0C43 /* WorldMap.cpp */; };
		552390012962239800AC0C43 /* GameObject.cpp in Sources */ = {isa = PBXBuildFile; fileRef = 55238FB92962239800AC0C43 /* GameObject.cpp */; };
		552390022962239800AC0C43 /* GameObject.cpp in Sources */ = {isa = PBXBuildFile; fileRef = 55238FB92962239800AC0C43 /* GameObject.cpp */; };
		552390032962239800AC0C43 /* GameObject.cpp in Sources */ = {isa = PBXBuildFile; fileRef = 55238FB92962239800AC0C43 /* GameObject.cpp */; };
		552390042962239800AC0C43 /* CubeMapSide.cpp in Sources */ = {isa = PBXBuildFile; fileRef = 55238FBA2962239800AC0C43 /* CubeMapSide.cpp */; };
		552390052962239800AC0C43 /* CubeMapSide.cpp in Sources */ = {isa = PBXBuildFile; fileRef = 55238FBA2962239800AC0C43 /* CubeMapSide.cpp */; };
		552390062962239800AC0C43 /* CubeMapSide.cpp in Sources */ = {isa = PBXBuildFile; fileRef = 55238FBA2962239800AC0C43 /* CubeMapSide.cpp */; };
		552390072962239800AC0C43 /* CubeMap_playerMovement.cpp in Sources */ = {isa = PBXBuildFile; fileRef = 55238FBB2962239800AC0C43 /* CubeMap_playerMovement.cpp */; };
		552390082962239800AC0C43 /* CubeMap_playerMovement.cpp in Sources */ = {isa = PBXBuildFile; fileRef = 55238FBB2962239800AC0C43 /* CubeMap_playerMovement.cpp */; };
		552390092962239800AC0C43 /* CubeMap_playerMovement.cpp in Sources */ = {isa = PBXBuildFile; fileRef = 55238FBB2962239800AC0C43 /* CubeMap_playerMovement.cpp */; };
		5523900A2962239800AC0C43 /* CubeField.cpp in Sources */ = {isa = PBXBuildFile; fileRef = 55238FBC2962239800AC0C43 /* CubeField.cpp */; };
		5523900B2962239800AC0C43 /* CubeField.cpp in Sources */ = {isa = PBXBuildFile; fileRef = 55238FBC2962239800AC0C43 /* CubeField.cpp */; };
		5523900C2962239800AC0C43 /* CubeField.cpp in Sources */ = {isa = PBXBuildFile; fileRef = 55238FBC2962239800AC0C43 /* CubeField.cpp */; };
		5523900D2962239800AC0C43 /* CubeMap.cpp in Sources */ = {isa = PBXBuildFile; fileRef = 55238FBD2962239800AC0C43 /* CubeMap.cpp */; };
		5523900E2962239800AC0C43 /* CubeMap.cpp in Sources */ = {isa = PBXBuildFile; fileRef = 55238FBD2962239800AC0C43 /* CubeMap.cpp */; };
		5523900F2962239800AC0C43 /* CubeMap.cpp in Sources */ = {isa = PBXBuildFile; fileRef = 55238FBD2962239800AC0C43 /* CubeMap.cpp */; };
		552390132962239800AC0C43 /* Level.cpp in Sources */ = {isa = PBXBuildFile; fileRef = 55238FCA2962239800AC0C43 /* Level.cpp */; };
		552390142962239800AC0C43 /* Level.cpp in Sources */ = {isa = PBXBuildFile; fileRef = 55238FCA2962239800AC0C43 /* Level.cpp */; };
		552390152962239800AC0C43 /* Level.cpp in Sources */ = {isa = PBXBuildFile; fileRef = 55238FCA2962239800AC0C43 /* Level.cpp */; };
		552390162962239800AC0C43 /* LevelSelector.cpp in Sources */ = {isa = PBXBuildFile; fileRef = 55238FCB2962239800AC0C43 /* LevelSelector.cpp */; };
		552390172962239800AC0C43 /* LevelSelector.cpp in Sources */ = {isa = PBXBuildFile; fileRef = 55238FCB2962239800AC0C43 /* LevelSelector.cpp */; };
		552390182962239800AC0C43 /* LevelSelector.cpp in Sources */ = {isa = PBXBuildFile; fileRef = 55238FCB2962239800AC0C43 /* LevelSelector.cpp */; };
		552390192962239800AC0C43 /* TitleScreen.cpp in Sources */ = {isa = PBXBuildFile; fileRef = 55238FCC2962239800AC0C43 /* TitleScreen.cpp */; };
		5523901A2962239800AC0C43 /* TitleScreen.cpp in Sources */ = {isa = PBXBuildFile; fileRef = 55238FCC2962239800AC0C43 /* TitleScreen.cpp */; };
		5523901B2962239800AC0C43 /* TitleScreen.cpp in Sources */ = {isa = PBXBuildFile; fileRef = 55238FCC2962239800AC0C43 /* TitleScreen.cpp */; };
		5523901C2962239800AC0C43 /* ComplexGameState.cpp in Sources */ = {isa = PBXBuildFile; fileRef = 55238FCD2962239800AC0C43 /* ComplexGameState.cpp */; };
		5523901D2962239800AC0C43 /* ComplexGameState.cpp in Sources */ = {isa = PBXBuildFile; fileRef = 55238FCD2962239800AC0C43 /* ComplexGameState.cpp */; };
		5523901E2962239800AC0C43 /* ComplexGameState.cpp in Sources */ = {isa = PBXBuildFile; fileRef = 55238FCD2962239800AC0C43 /* ComplexGameState.cpp */; };
		5523901F2962239800AC0C43 /* TutorialLevel.cpp in Sources */ = {isa = PBXBuildFile; fileRef = 55238FD22962239800AC0C43 /* TutorialLevel.cpp */; };
		552390202962239800AC0C43 /* TutorialLevel.cpp in Sources */ = {isa = PBXBuildFile; fileRef = 55238FD22962239800AC0C43 /* TutorialLevel.cpp */; };
		552390212962239800AC0C43 /* TutorialLevel.cpp in Sources */ = {isa = PBXBuildFile; fileRef = 55238FD22962239800AC0C43 /* TutorialLevel.cpp */; };
		552390222962239800AC0C43 /* SDL_uikit_main.c in Sources */ = {isa = PBXBuildFile; fileRef = 55238FD62962239800AC0C43 /* SDL_uikit_main.c */; };
		552390232962239800AC0C43 /* SDL_uikit_main.c in Sources */ = {isa = PBXBuildFile; fileRef = 55238FD62962239800AC0C43 /* SDL_uikit_main.c */; };
		552390242962239800AC0C43 /* SDL_uikit_main.c in Sources */ = {isa = PBXBuildFile; fileRef = 55238FD62962239800AC0C43 /* SDL_uikit_main.c */; };
		552390252962239800AC0C43 /* DiceData.cpp in Sources */ = {isa = PBXBuildFile; fileRef = 55238FDC2962239800AC0C43 /* DiceData.cpp */; };
		552390262962239800AC0C43 /* DiceData.cpp in Sources */ = {isa = PBXBuildFile; fileRef = 55238FDC2962239800AC0C43 /* DiceData.cpp */; };
		552390272962239800AC0C43 /* DiceData.cpp in Sources */ = {isa = PBXBuildFile; fileRef = 55238FDC2962239800AC0C43 /* DiceData.cpp */; };
		552390282962239800AC0C43 /* LevelLoader.cpp in Sources */ = {isa = PBXBuildFile; fileRef = 55238FDD2962239800AC0C43 /* LevelLoader.cpp */; };
		552390292962239800AC0C43 /* LevelLoader.cpp in Sources */ = {isa = PBXBuildFile; fileRef = 55238FDD2962239800AC0C43 /* LevelLoader.cpp */; };
		5523902A2962239800AC0C43 /* LevelLoader.cpp in Sources */ = {isa = PBXBuildFile; fileRef = 55238FDD2962239800AC0C43 /* LevelLoader.cpp */; };
		5523902B2962239800AC0C43 /* WorldField.cpp in Sources */ = {isa = PBXBuildFile; fileRef = 55238FE32962239800AC0C43 /* WorldField.cpp */; };
		5523902C2962239800AC0C43 /* WorldField.cpp in Sources */ = {isa = PBXBuildFile; fileRef = 55238FE32962239800AC0C43 /* WorldField.cpp */; };
		5523902D2962239800AC0C43 /* WorldField.cpp in Sources */ = {isa = PBXBuildFile; fileRef = 55238FE32962239800AC0C43 /* WorldField.cpp */; };
		5523902E2962239800AC0C43 /* main.cpp in Sources */ = {isa = PBXBuildFile; fileRef = 55238FE72962239800AC0C43 /* main.cpp */; };
		5523902F2962239800AC0C43 /* main.cpp in Sources */ = {isa = PBXBuildFile; fileRef = 55238FE72962239800AC0C43 /* main.cpp */; };
		552390302962239800AC0C43 /* main.cpp in Sources */ = {isa = PBXBuildFile; fileRef = 55238FE72962239800AC0C43 /* main.cpp */; };
		552390312962239800AC0C43 /* gamebase.cpp in Sources */ = {isa = PBXBuildFile; fileRef = 55238FE82962239800AC0C43 /* gamebase.cpp */; };
		552390322962239800AC0C43 /* gamebase.cpp in Sources */ = {isa = PBXBuildFile; fileRef = 55238FE82962239800AC0C43 /* gamebase.cpp */; };
		552390332962239800AC0C43 /* gamebase.cpp in Sources */ = {isa = PBXBuildFile; fileRef = 55238FE82962239800AC0C43 /* gamebase.cpp */; };
		552391032962267E00AC0C43 /* Assets.xcassets in Resources */ = {isa = PBXBuildFile; fileRef = 552391022962267E00AC0C43 /* Assets.xcassets */; };
		552391042962267E00AC0C43 /* Assets.xcassets in Resources */ = {isa = PBXBuildFile; fileRef = 552391022962267E00AC0C43 /* Assets.xcassets */; };
		552391052962267E00AC0C43 /* Assets.xcassets in Resources */ = {isa = PBXBuildFile; fileRef = 552391022962267E00AC0C43 /* Assets.xcassets */; };
		5581E04F2963354D00953CD1 /* touchhelper.cpp in Sources */ = {isa = PBXBuildFile; fileRef = 5581E03A2963354D00953CD1 /* touchhelper.cpp */; };
		5581E0502963354D00953CD1 /* touchhelper.cpp in Sources */ = {isa = PBXBuildFile; fileRef = 5581E03A2963354D00953CD1 /* touchhelper.cpp */; };
		5581E0512963354D00953CD1 /* touchhelper.cpp in Sources */ = {isa = PBXBuildFile; fileRef = 5581E03A2963354D00953CD1 /* touchhelper.cpp */; };
		5581E05429633F3E00953CD1 /* TouchObject.cpp in Sources */ = {isa = PBXBuildFile; fileRef = 5581E05329633F3E00953CD1 /* TouchObject.cpp */; };
		5581E05529633F3E00953CD1 /* TouchObject.cpp in Sources */ = {isa = PBXBuildFile; fileRef = 5581E05329633F3E00953CD1 /* TouchObject.cpp */; };
		5581E05629633F3E00953CD1 /* TouchObject.cpp in Sources */ = {isa = PBXBuildFile; fileRef = 5581E05329633F3E00953CD1 /* TouchObject.cpp */; };
		5581E05929637FA000953CD1 /* TouchController.cpp in Sources */ = {isa = PBXBuildFile; fileRef = 5581E05729637FA000953CD1 /* TouchController.cpp */; };
		5581E05A29637FA000953CD1 /* TouchController.cpp in Sources */ = {isa = PBXBuildFile; fileRef = 5581E05729637FA000953CD1 /* TouchController.cpp */; };
		5581E05B29637FA000953CD1 /* TouchController.cpp in Sources */ = {isa = PBXBuildFile; fileRef = 5581E05729637FA000953CD1 /* TouchController.cpp */; };
		55A9C9EE299402FA00AEF66E /* online_presence in Resources */ = {isa = PBXBuildFile; fileRef = 55A9C9D9299402FA00AEF66E /* online_presence */; };
		55A9C9F7299406E400AEF66E /* testtest.swift in Sources */ = {isa = PBXBuildFile; fileRef = 55A9C9F6299406E400AEF66E /* testtest.swift */; };
		55A9C9F9299406E400AEF66E /* testtestLaunchTests.swift in Sources */ = {isa = PBXBuildFile; fileRef = 55A9C9F8299406E400AEF66E /* testtestLaunchTests.swift */; };
		55C2995129901A130018224F /* cube_puzzleUITestsLaunchTests.swift in Sources */ = {isa = PBXBuildFile; fileRef = 55C2995029901A130018224F /* cube_puzzleUITestsLaunchTests.swift */; };
		55C2995729901BEB0018224F /* cube_puzzleTests.swift in Sources */ = {isa = PBXBuildFile; fileRef = 55C299242990121C0018224F /* cube_puzzleTests.swift */; };
		55FDC953296DDC9E006862C9 /* RemoteLevelFetch.cpp in Sources */ = {isa = PBXBuildFile; fileRef = 55FDC951296DDC9E006862C9 /* RemoteLevelFetch.cpp */; };
		55FDC954296DDC9E006862C9 /* RemoteLevelFetch.cpp in Sources */ = {isa = PBXBuildFile; fileRef = 55FDC951296DDC9E006862C9 /* RemoteLevelFetch.cpp */; };
		55FDC955296DDC9E006862C9 /* RemoteLevelFetch.cpp in Sources */ = {isa = PBXBuildFile; fileRef = 55FDC951296DDC9E006862C9 /* RemoteLevelFetch.cpp */; };
/* End PBXBuildFile section */

/* Begin PBXContainerItemProxy section */
		55238E4A2961D74300AC0C43 /* PBXContainerItemProxy */ = {
			isa = PBXContainerItemProxy;
			containerPortal = 55238E3C2961D74300AC0C43 /* SDL.xcodeproj */;
			proxyType = 2;
			remoteGlobalIDString = BECDF66C0761BA81005FE872;
			remoteInfo = Framework;
		};
		55238E4C2961D74300AC0C43 /* PBXContainerItemProxy */ = {
			isa = PBXContainerItemProxy;
			containerPortal = 55238E3C2961D74300AC0C43 /* SDL.xcodeproj */;
			proxyType = 2;
			remoteGlobalIDString = A7D88B5423E2437C00DCD162;
			remoteInfo = "Framework-iOS";
		};
		55238E4E2961D74300AC0C43 /* PBXContainerItemProxy */ = {
			isa = PBXContainerItemProxy;
			containerPortal = 55238E3C2961D74300AC0C43 /* SDL.xcodeproj */;
			proxyType = 2;
			remoteGlobalIDString = A7D88D1523E24BED00DCD162;
			remoteInfo = "Framework-tvOS";
		};
		55238E502961D74300AC0C43 /* PBXContainerItemProxy */ = {
			isa = PBXContainerItemProxy;
			containerPortal = 55238E3C2961D74300AC0C43 /* SDL.xcodeproj */;
			proxyType = 2;
			remoteGlobalIDString = E2D187CF28A5673500D2B4F1;
			remoteInfo = "xcFramework-iOS";
		};
		55238E522961D74300AC0C43 /* PBXContainerItemProxy */ = {
			isa = PBXContainerItemProxy;
			containerPortal = 55238E3C2961D74300AC0C43 /* SDL.xcodeproj */;
			proxyType = 2;
			remoteGlobalIDString = BECDF6B30761BA81005FE872;
			remoteInfo = "Static Library";
		};
		55238E542961D74300AC0C43 /* PBXContainerItemProxy */ = {
			isa = PBXContainerItemProxy;
			containerPortal = 55238E3C2961D74300AC0C43 /* SDL.xcodeproj */;
			proxyType = 2;
			remoteGlobalIDString = A7D88E5423E24D3B00DCD162;
			remoteInfo = "Static Library-iOS";
		};
		55238E562961D74300AC0C43 /* PBXContainerItemProxy */ = {
			isa = PBXContainerItemProxy;
			containerPortal = 55238E3C2961D74300AC0C43 /* SDL.xcodeproj */;
			proxyType = 2;
			remoteGlobalIDString = A769B23D23E259AE00872273;
			remoteInfo = "Static Library-tvOS";
		};
		55238E582961D74300AC0C43 /* PBXContainerItemProxy */ = {
			isa = PBXContainerItemProxy;
			containerPortal = 55238E3C2961D74300AC0C43 /* SDL.xcodeproj */;
			proxyType = 2;
			remoteGlobalIDString = DB31407717554B71006C0E22;
			remoteInfo = "Shared Library";
		};
		55238E5A2961D74300AC0C43 /* PBXContainerItemProxy */ = {
			isa = PBXContainerItemProxy;
			containerPortal = 55238E3C2961D74300AC0C43 /* SDL.xcodeproj */;
			proxyType = 2;
			remoteGlobalIDString = A75FCEB323E25AB700529352;
			remoteInfo = "Shared Library-iOS";
		};
		55238E5C2961D74300AC0C43 /* PBXContainerItemProxy */ = {
			isa = PBXContainerItemProxy;
			containerPortal = 55238E3C2961D74300AC0C43 /* SDL.xcodeproj */;
			proxyType = 2;
			remoteGlobalIDString = A75FD06C23E25AC700529352;
			remoteInfo = "Shared Library-tvOS";
		};
		55238E5E2961D74300AC0C43 /* PBXContainerItemProxy */ = {
			isa = PBXContainerItemProxy;
			containerPortal = 55238E3C2961D74300AC0C43 /* SDL.xcodeproj */;
			proxyType = 2;
			remoteGlobalIDString = BECDF6BE0761BA81005FE872;
			remoteInfo = "Standard DMG";
		};
		55238E692961D75700AC0C43 /* PBXContainerItemProxy */ = {
			isa = PBXContainerItemProxy;
			containerPortal = 55238E602961D75700AC0C43 /* SDL_image.xcodeproj */;
			proxyType = 2;
			remoteGlobalIDString = BE1FA72E07AF4C45004B6283;
			remoteInfo = Framework;
		};
		55238E6B2961D75700AC0C43 /* PBXContainerItemProxy */ = {
			isa = PBXContainerItemProxy;
			containerPortal = 55238E602961D75700AC0C43 /* SDL_image.xcodeproj */;
			proxyType = 2;
			remoteGlobalIDString = BE1FA74107AF4C45004B6283;
			remoteInfo = "Static Library";
		};
		55238E6D2961D75700AC0C43 /* PBXContainerItemProxy */ = {
			isa = PBXContainerItemProxy;
			containerPortal = 55238E602961D75700AC0C43 /* SDL_image.xcodeproj */;
			proxyType = 2;
			remoteGlobalIDString = BE1FA74507AF4C45004B6283;
			remoteInfo = "Create DMG";
		};
		55238E782961D76600AC0C43 /* PBXContainerItemProxy */ = {
			isa = PBXContainerItemProxy;
			containerPortal = 55238E6F2961D76500AC0C43 /* SDL_mixer.xcodeproj */;
			proxyType = 2;
			remoteGlobalIDString = BE1FA90607AF96B2004B6283;
			remoteInfo = Framework;
		};
		55238E7A2961D76600AC0C43 /* PBXContainerItemProxy */ = {
			isa = PBXContainerItemProxy;
			containerPortal = 55238E6F2961D76500AC0C43 /* SDL_mixer.xcodeproj */;
			proxyType = 2;
			remoteGlobalIDString = BE1FA95407AF96B2004B6283;
			remoteInfo = "Static Library";
		};
		55238E7C2961D76600AC0C43 /* PBXContainerItemProxy */ = {
			isa = PBXContainerItemProxy;
			containerPortal = 55238E6F2961D76500AC0C43 /* SDL_mixer.xcodeproj */;
			proxyType = 2;
			remoteGlobalIDString = BE1FA95807AF96B3004B6283;
			remoteInfo = "Create DMG";
		};
		55238E842961D77500AC0C43 /* PBXContainerItemProxy */ = {
			isa = PBXContainerItemProxy;
			containerPortal = 55238E7E2961D77500AC0C43 /* SDL_ttf.xcodeproj */;
			proxyType = 2;
			remoteGlobalIDString = BE48FD6707AFA17000BB41DA;
			remoteInfo = Framework;
		};
		55238E862961D77500AC0C43 /* PBXContainerItemProxy */ = {
			isa = PBXContainerItemProxy;
			containerPortal = 55238E7E2961D77500AC0C43 /* SDL_ttf.xcodeproj */;
			proxyType = 2;
			remoteGlobalIDString = BE48FD6E07AFA17000BB41DA;
			remoteInfo = "Static Library";
		};
		55238E882961D77500AC0C43 /* PBXContainerItemProxy */ = {
			isa = PBXContainerItemProxy;
			containerPortal = 55238E7E2961D77500AC0C43 /* SDL_ttf.xcodeproj */;
			proxyType = 2;
			remoteGlobalIDString = BE48FD7207AFA17000BB41DA;
			remoteInfo = "Create DMG";
		};
		55A9C9FA299406E400AEF66E /* PBXContainerItemProxy */ = {
			isa = PBXContainerItemProxy;
			containerPortal = 55238DB32961C9B400AC0C43 /* Project object */;
			proxyType = 1;
			remoteGlobalIDString = 55238DC02961C9B500AC0C43;
			remoteInfo = "cube_puzzle iOS";
		};
		55C2995229901A130018224F /* PBXContainerItemProxy */ = {
			isa = PBXContainerItemProxy;
			containerPortal = 55238DB32961C9B400AC0C43 /* Project object */;
			proxyType = 1;
			remoteGlobalIDString = 55238DC02961C9B500AC0C43;
			remoteInfo = "cube_puzzle iOS";
		};
/* End PBXContainerItemProxy section */

/* Begin PBXCopyFilesBuildPhase section */
		5513F4C229623555007C9B13 /* Embed Frameworks */ = {
			isa = PBXCopyFilesBuildPhase;
			buildActionMask = 12;
			dstPath = "";
			dstSubfolderSpec = 10;
			files = (
				5513F4C129623555007C9B13 /* SDL2.framework in Embed Frameworks */,
				5513F4C829623581007C9B13 /* SDL2_ttf.framework in Embed Frameworks */,
				5513F4C629623581007C9B13 /* SDL2_mixer.framework in Embed Frameworks */,
				5513F4C429623581007C9B13 /* SDL2_image.framework in Embed Frameworks */,
			);
			name = "Embed Frameworks";
			runOnlyForDeploymentPostprocessing = 0;
		};
		55238E9E2961DACA00AC0C43 /* Embed Frameworks */ = {
			isa = PBXCopyFilesBuildPhase;
			buildActionMask = 2147483647;
			dstPath = "";
			dstSubfolderSpec = 10;
			files = (
				55238E9D2961DACA00AC0C43 /* SDL2_image.framework in Embed Frameworks */,
				55238EA22961DACC00AC0C43 /* SDL2_ttf.framework in Embed Frameworks */,
				55238EA02961DACB00AC0C43 /* SDL2_mixer.framework in Embed Frameworks */,
				55238EA42961DACE00AC0C43 /* SDL2.framework in Embed Frameworks */,
			);
			name = "Embed Frameworks";
			runOnlyForDeploymentPostprocessing = 0;
		};
		55238EAB2961DB0000AC0C43 /* Embed Frameworks */ = {
			isa = PBXCopyFilesBuildPhase;
			buildActionMask = 2147483647;
			dstPath = "";
			dstSubfolderSpec = 10;
			files = (
				55238EAA2961DB0000AC0C43 /* SDL2_image.framework in Embed Frameworks */,
				55238EAF2961DB0300AC0C43 /* SDL2_ttf.framework in Embed Frameworks */,
				55238EAD2961DB0100AC0C43 /* SDL2_mixer.framework in Embed Frameworks */,
				55238EB12961DB0500AC0C43 /* SDL2.framework in Embed Frameworks */,
			);
			name = "Embed Frameworks";
			runOnlyForDeploymentPostprocessing = 0;
		};
/* End PBXCopyFilesBuildPhase section */

/* Begin PBXFileReference section */
		5502185D29622A3D00F0509F /* config.xcconfig */ = {isa = PBXFileReference; fileEncoding = 4; lastKnownFileType = text.xcconfig; path = config.xcconfig; sourceTree = "<group>"; };
		5502186129622A7200F0509F /* asset */ = {isa = PBXFileReference; lastKnownFileType = folder; name = asset; path = ../asset; sourceTree = "<group>"; };
		5502186F29622E4B00F0509F /* touchhelper.hpp */ = {isa = PBXFileReference; fileEncoding = 4; lastKnownFileType = sourcecode.cpp.h; path = touchhelper.hpp; sourceTree = "<group>"; };
		5504DE43299D935E00F7C920 /* language.cpp */ = {isa = PBXFileReference; lastKnownFileType = sourcecode.cpp.cpp; path = language.cpp; sourceTree = "<group>"; };
		5504DE44299D935E00F7C920 /* language.hpp */ = {isa = PBXFileReference; lastKnownFileType = sourcecode.cpp.h; path = language.hpp; sourceTree = "<group>"; };
		5504DE78299E218D00F7C920 /* LanguageSelector.cpp */ = {isa = PBXFileReference; fileEncoding = 4; lastKnownFileType = sourcecode.cpp.cpp; path = LanguageSelector.cpp; sourceTree = "<group>"; };
		5504DE79299E218D00F7C920 /* LanguageSelector.hpp */ = {isa = PBXFileReference; fileEncoding = 4; lastKnownFileType = sourcecode.cpp.h; path = LanguageSelector.hpp; sourceTree = "<group>"; };
		5504DE9F299E327400F7C920 /* cube_puzzle iOS.entitlements */ = {isa = PBXFileReference; lastKnownFileType = text.plist.entitlements; path = "cube_puzzle iOS.entitlements"; sourceTree = "<group>"; };
		5513F4D129623669007C9B13 /* LaunchScreen.storyboard */ = {isa = PBXFileReference; lastKnownFileType = file.storyboard; path = LaunchScreen.storyboard; sourceTree = "<group>"; };
		5513F4D329623FAA007C9B13 /* SETUP.md */ = {isa = PBXFileReference; lastKnownFileType = net.daringfireball.markdown; path = SETUP.md; sourceTree = "<group>"; };
		5513F51529631104007C9B13 /* UIButton.cpp */ = {isa = PBXFileReference; fileEncoding = 4; lastKnownFileType = sourcecode.cpp.cpp; path = UIButton.cpp; sourceTree = "<group>"; };
		5513F51629631104007C9B13 /* UIButton.hpp */ = {isa = PBXFileReference; fileEncoding = 4; lastKnownFileType = sourcecode.cpp.h; path = UIButton.hpp; sourceTree = "<group>"; };
		55238DC12961C9B500AC0C43 /* cube_puzzle.app */ = {isa = PBXFileReference; explicitFileType = wrapper.application; includeInIndex = 0; path = cube_puzzle.app; sourceTree = BUILT_PRODUCTS_DIR; };
		55238DD62961C9B500AC0C43 /* cube_puzzle.app */ = {isa = PBXFileReference; explicitFileType = wrapper.application; includeInIndex = 0; path = cube_puzzle.app; sourceTree = BUILT_PRODUCTS_DIR; };
		55238DDF2961C9B500AC0C43 /* Base */ = {isa = PBXFileReference; lastKnownFileType = file.storyboard; name = Base; path = Base.lproj/Main.storyboard; sourceTree = "<group>"; };
		55238DE22961C9B500AC0C43 /* Base */ = {isa = PBXFileReference; lastKnownFileType = file.storyboard; name = Base; path = Base.lproj/LaunchScreen.storyboard; sourceTree = "<group>"; };
		55238DEA2961C9B500AC0C43 /* cube_puzzle.app */ = {isa = PBXFileReference; explicitFileType = wrapper.application; includeInIndex = 0; path = cube_puzzle.app; sourceTree = BUILT_PRODUCTS_DIR; };
		55238DF32961C9B500AC0C43 /* Base */ = {isa = PBXFileReference; lastKnownFileType = file.storyboard; name = Base; path = Base.lproj/Main.storyboard; sourceTree = "<group>"; };
		55238DF72961C9B500AC0C43 /* cube_puzzle_macOS.entitlements */ = {isa = PBXFileReference; lastKnownFileType = text.plist.entitlements; path = cube_puzzle_macOS.entitlements; sourceTree = "<group>"; };
		55238E342961CD1100AC0C43 /* download_dependencies.sh */ = {isa = PBXFileReference; lastKnownFileType = text.script.sh; path = download_dependencies.sh; sourceTree = "<group>"; };
		55238E382961D6F700AC0C43 /* .gitignore */ = {isa = PBXFileReference; lastKnownFileType = text; path = .gitignore; sourceTree = "<group>"; };
		55238E3C2961D74300AC0C43 /* SDL.xcodeproj */ = {isa = PBXFileReference; lastKnownFileType = "wrapper.pb-project"; name = SDL.xcodeproj; path = SDL/Xcode/SDL/SDL.xcodeproj; sourceTree = "<group>"; };
		55238E602961D75700AC0C43 /* SDL_image.xcodeproj */ = {isa = PBXFileReference; lastKnownFileType = "wrapper.pb-project"; name = SDL_image.xcodeproj; path = SDL_image/Xcode/SDL_image.xcodeproj; sourceTree = "<group>"; };
		55238E6F2961D76500AC0C43 /* SDL_mixer.xcodeproj */ = {isa = PBXFileReference; lastKnownFileType = "wrapper.pb-project"; name = SDL_mixer.xcodeproj; path = SDL_mixer/Xcode/SDL_mixer.xcodeproj; sourceTree = "<group>"; };
		55238E7E2961D77500AC0C43 /* SDL_ttf.xcodeproj */ = {isa = PBXFileReference; lastKnownFileType = "wrapper.pb-project"; name = SDL_ttf.xcodeproj; path = SDL_ttf/Xcode/SDL_ttf.xcodeproj; sourceTree = "<group>"; };
		55238EB72961DF3A00AC0C43 /* configureConfigHeader.sh */ = {isa = PBXFileReference; lastKnownFileType = text.script.sh; path = configureConfigHeader.sh; sourceTree = "<group>"; };
		55238EBB2961E88500AC0C43 /* osname.sh */ = {isa = PBXFileReference; lastKnownFileType = text.script.sh; path = osname.sh; sourceTree = "<group>"; };
		55238EBF2961EB9400AC0C43 /* extractXCodeData.sh */ = {isa = PBXFileReference; lastKnownFileType = text.script.sh; path = extractXCodeData.sh; sourceTree = "<group>"; };
		55238FA92962236700AC0C43 /* config.hpp */ = {isa = PBXFileReference; fileEncoding = 4; lastKnownFileType = sourcecode.cpp.h; path = config.hpp; sourceTree = "<group>"; };
		55238FAB2962239800AC0C43 /* recthelper.hpp */ = {isa = PBXFileReference; fileEncoding = 4; lastKnownFileType = sourcecode.cpp.h; path = recthelper.hpp; sourceTree = "<group>"; };
		55238FAC2962239800AC0C43 /* global.hpp */ = {isa = PBXFileReference; fileEncoding = 4; lastKnownFileType = sourcecode.cpp.h; path = global.hpp; sourceTree = "<group>"; };
		55238FAD2962239800AC0C43 /* gamebase.hpp */ = {isa = PBXFileReference; fileEncoding = 4; lastKnownFileType = sourcecode.cpp.h; path = gamebase.hpp; sourceTree = "<group>"; };
		55238FAE2962239800AC0C43 /* matrix.hpp */ = {isa = PBXFileReference; fileEncoding = 4; lastKnownFileType = sourcecode.cpp.h; path = matrix.hpp; sourceTree = "<group>"; };
		55238FAF2962239800AC0C43 /* CubeGame.cpp */ = {isa = PBXFileReference; fileEncoding = 4; lastKnownFileType = sourcecode.cpp.cpp; path = CubeGame.cpp; sourceTree = "<group>"; };
		55238FB02962239800AC0C43 /* AudioHandler.cpp */ = {isa = PBXFileReference; fileEncoding = 4; lastKnownFileType = sourcecode.cpp.cpp; path = AudioHandler.cpp; sourceTree = "<group>"; };
		55238FB12962239800AC0C43 /* filehelper.hpp */ = {isa = PBXFileReference; fileEncoding = 4; lastKnownFileType = sourcecode.cpp.h; path = filehelper.hpp; sourceTree = "<group>"; };
		55238FB32962239800AC0C43 /* CubeObject_render.cpp */ = {isa = PBXFileReference; fileEncoding = 4; lastKnownFileType = sourcecode.cpp.cpp; path = CubeObject_render.cpp; sourceTree = "<group>"; };
		55238FB42962239800AC0C43 /* CubeObject.cpp */ = {isa = PBXFileReference; fileEncoding = 4; lastKnownFileType = sourcecode.cpp.cpp; path = CubeObject.cpp; sourceTree = "<group>"; };
		55238FB52962239800AC0C43 /* Player.cpp */ = {isa = PBXFileReference; fileEncoding = 4; lastKnownFileType = sourcecode.cpp.cpp; path = Player.cpp; sourceTree = "<group>"; };
		55238FB62962239800AC0C43 /* Text.cpp */ = {isa = PBXFileReference; fileEncoding = 4; lastKnownFileType = sourcecode.cpp.cpp; path = Text.cpp; sourceTree = "<group>"; };
		55238FB72962239800AC0C43 /* CubeMapMiniMap.cpp */ = {isa = PBXFileReference; fileEncoding = 4; lastKnownFileType = sourcecode.cpp.cpp; path = CubeMapMiniMap.cpp; sourceTree = "<group>"; };
		55238FB82962239800AC0C43 /* WorldMap.cpp */ = {isa = PBXFileReference; fileEncoding = 4; lastKnownFileType = sourcecode.cpp.cpp; path = WorldMap.cpp; sourceTree = "<group>"; };
		55238FB92962239800AC0C43 /* GameObject.cpp */ = {isa = PBXFileReference; fileEncoding = 4; lastKnownFileType = sourcecode.cpp.cpp; path = GameObject.cpp; sourceTree = "<group>"; };
		55238FBA2962239800AC0C43 /* CubeMapSide.cpp */ = {isa = PBXFileReference; fileEncoding = 4; lastKnownFileType = sourcecode.cpp.cpp; path = CubeMapSide.cpp; sourceTree = "<group>"; };
		55238FBB2962239800AC0C43 /* CubeMap_playerMovement.cpp */ = {isa = PBXFileReference; fileEncoding = 4; lastKnownFileType = sourcecode.cpp.cpp; path = CubeMap_playerMovement.cpp; sourceTree = "<group>"; };
		55238FBC2962239800AC0C43 /* CubeField.cpp */ = {isa = PBXFileReference; fileEncoding = 4; lastKnownFileType = sourcecode.cpp.cpp; path = CubeField.cpp; sourceTree = "<group>"; };
		55238FBD2962239800AC0C43 /* CubeMap.cpp */ = {isa = PBXFileReference; fileEncoding = 4; lastKnownFileType = sourcecode.cpp.cpp; path = CubeMap.cpp; sourceTree = "<group>"; };
		55238FBE2962239800AC0C43 /* GameObject.hpp */ = {isa = PBXFileReference; fileEncoding = 4; lastKnownFileType = sourcecode.cpp.h; path = GameObject.hpp; sourceTree = "<group>"; };
		55238FBF2962239800AC0C43 /* CubeMapSide.hpp */ = {isa = PBXFileReference; fileEncoding = 4; lastKnownFileType = sourcecode.cpp.h; path = CubeMapSide.hpp; sourceTree = "<group>"; };
		55238FC02962239800AC0C43 /* CubeField.hpp */ = {isa = PBXFileReference; fileEncoding = 4; lastKnownFileType = sourcecode.cpp.h; path = CubeField.hpp; sourceTree = "<group>"; };
		55238FC12962239800AC0C43 /* CubeMap.hpp */ = {isa = PBXFileReference; fileEncoding = 4; lastKnownFileType = sourcecode.cpp.h; path = CubeMap.hpp; sourceTree = "<group>"; };
		55238FC22962239800AC0C43 /* CubeObject.hpp */ = {isa = PBXFileReference; fileEncoding = 4; lastKnownFileType = sourcecode.cpp.h; path = CubeObject.hpp; sourceTree = "<group>"; };
		55238FC32962239800AC0C43 /* Player.hpp */ = {isa = PBXFileReference; fileEncoding = 4; lastKnownFileType = sourcecode.cpp.h; path = Player.hpp; sourceTree = "<group>"; };
		55238FC42962239800AC0C43 /* Text.hpp */ = {isa = PBXFileReference; fileEncoding = 4; lastKnownFileType = sourcecode.cpp.h; path = Text.hpp; sourceTree = "<group>"; };
		55238FC52962239800AC0C43 /* CubeMapMiniMap.hpp */ = {isa = PBXFileReference; fileEncoding = 4; lastKnownFileType = sourcecode.cpp.h; path = CubeMapMiniMap.hpp; sourceTree = "<group>"; };
		55238FC62962239800AC0C43 /* WorldMap.hpp */ = {isa = PBXFileReference; fileEncoding = 4; lastKnownFileType = sourcecode.cpp.h; path = WorldMap.hpp; sourceTree = "<group>"; };
		55238FC72962239800AC0C43 /* config.hpp.in */ = {isa = PBXFileReference; fileEncoding = 4; lastKnownFileType = text; path = config.hpp.in; sourceTree = "<group>"; };
		55238FC92962239800AC0C43 /* TutorialLevel.hpp */ = {isa = PBXFileReference; fileEncoding = 4; lastKnownFileType = sourcecode.cpp.h; path = TutorialLevel.hpp; sourceTree = "<group>"; };
		55238FCA2962239800AC0C43 /* Level.cpp */ = {isa = PBXFileReference; fileEncoding = 4; lastKnownFileType = sourcecode.cpp.cpp; path = Level.cpp; sourceTree = "<group>"; };
		55238FCB2962239800AC0C43 /* LevelSelector.cpp */ = {isa = PBXFileReference; fileEncoding = 4; lastKnownFileType = sourcecode.cpp.cpp; path = LevelSelector.cpp; sourceTree = "<group>"; };
		55238FCC2962239800AC0C43 /* TitleScreen.cpp */ = {isa = PBXFileReference; fileEncoding = 4; lastKnownFileType = sourcecode.cpp.cpp; path = TitleScreen.cpp; sourceTree = "<group>"; };
		55238FCD2962239800AC0C43 /* ComplexGameState.cpp */ = {isa = PBXFileReference; fileEncoding = 4; lastKnownFileType = sourcecode.cpp.cpp; path = ComplexGameState.cpp; sourceTree = "<group>"; };
		55238FCE2962239800AC0C43 /* Level.hpp */ = {isa = PBXFileReference; fileEncoding = 4; lastKnownFileType = sourcecode.cpp.h; path = Level.hpp; sourceTree = "<group>"; };
		55238FCF2962239800AC0C43 /* LevelSelector.hpp */ = {isa = PBXFileReference; fileEncoding = 4; lastKnownFileType = sourcecode.cpp.h; path = LevelSelector.hpp; sourceTree = "<group>"; };
		55238FD02962239800AC0C43 /* TitleScreen.hpp */ = {isa = PBXFileReference; fileEncoding = 4; lastKnownFileType = sourcecode.cpp.h; path = TitleScreen.hpp; sourceTree = "<group>"; };
		55238FD12962239800AC0C43 /* ComplexGameState.hpp */ = {isa = PBXFileReference; fileEncoding = 4; lastKnownFileType = sourcecode.cpp.h; path = ComplexGameState.hpp; sourceTree = "<group>"; };
		55238FD22962239800AC0C43 /* TutorialLevel.cpp */ = {isa = PBXFileReference; fileEncoding = 4; lastKnownFileType = sourcecode.cpp.cpp; path = TutorialLevel.cpp; sourceTree = "<group>"; };
		55238FD32962239800AC0C43 /* mathhelper.hpp */ = {isa = PBXFileReference; fileEncoding = 4; lastKnownFileType = sourcecode.cpp.h; path = mathhelper.hpp; sourceTree = "<group>"; };
		55238FD42962239800AC0C43 /* CubeGame.hpp */ = {isa = PBXFileReference; fileEncoding = 4; lastKnownFileType = sourcecode.cpp.h; path = CubeGame.hpp; sourceTree = "<group>"; };
		55238FD52962239800AC0C43 /* AudioHandler.hpp */ = {isa = PBXFileReference; fileEncoding = 4; lastKnownFileType = sourcecode.cpp.h; path = AudioHandler.hpp; sourceTree = "<group>"; };
		55238FD62962239800AC0C43 /* SDL_uikit_main.c */ = {isa = PBXFileReference; fileEncoding = 4; lastKnownFileType = sourcecode.c.c; path = SDL_uikit_main.c; sourceTree = "<group>"; };
		55238FD72962239800AC0C43 /* stringhelper.hpp */ = {isa = PBXFileReference; fileEncoding = 4; lastKnownFileType = sourcecode.cpp.h; path = stringhelper.hpp; sourceTree = "<group>"; };
		55238FD92962239800AC0C43 /* Colors.hpp */ = {isa = PBXFileReference; fileEncoding = 4; lastKnownFileType = sourcecode.cpp.h; path = Colors.hpp; sourceTree = "<group>"; };
		55238FDA2962239800AC0C43 /* paths.hpp */ = {isa = PBXFileReference; fileEncoding = 4; lastKnownFileType = sourcecode.cpp.h; path = paths.hpp; sourceTree = "<group>"; };
		55238FDB2962239800AC0C43 /* spriteDefs.hpp */ = {isa = PBXFileReference; fileEncoding = 4; lastKnownFileType = sourcecode.cpp.h; path = spriteDefs.hpp; sourceTree = "<group>"; };
		55238FDC2962239800AC0C43 /* DiceData.cpp */ = {isa = PBXFileReference; fileEncoding = 4; lastKnownFileType = sourcecode.cpp.cpp; path = DiceData.cpp; sourceTree = "<group>"; };
		55238FDD2962239800AC0C43 /* LevelLoader.cpp */ = {isa = PBXFileReference; fileEncoding = 4; lastKnownFileType = sourcecode.cpp.cpp; path = LevelLoader.cpp; sourceTree = "<group>"; };
		55238FDE2962239800AC0C43 /* WorldField.hpp */ = {isa = PBXFileReference; fileEncoding = 4; lastKnownFileType = sourcecode.cpp.h; path = WorldField.hpp; sourceTree = "<group>"; };
		55238FDF2962239800AC0C43 /* EmptyData.hpp */ = {isa = PBXFileReference; fileEncoding = 4; lastKnownFileType = sourcecode.cpp.h; path = EmptyData.hpp; sourceTree = "<group>"; };
		55238FE02962239800AC0C43 /* SpriteStorage.hpp */ = {isa = PBXFileReference; fileEncoding = 4; lastKnownFileType = sourcecode.cpp.h; path = SpriteStorage.hpp; sourceTree = "<group>"; };
		55238FE12962239800AC0C43 /* LevelData.hpp */ = {isa = PBXFileReference; fileEncoding = 4; lastKnownFileType = sourcecode.cpp.h; path = LevelData.hpp; sourceTree = "<group>"; };
		55238FE22962239800AC0C43 /* MoveDirections.hpp */ = {isa = PBXFileReference; fileEncoding = 4; lastKnownFileType = sourcecode.cpp.h; path = MoveDirections.hpp; sourceTree = "<group>"; };
		55238FE32962239800AC0C43 /* WorldField.cpp */ = {isa = PBXFileReference; fileEncoding = 4; lastKnownFileType = sourcecode.cpp.cpp; path = WorldField.cpp; sourceTree = "<group>"; };
		55238FE42962239800AC0C43 /* bezier.hpp */ = {isa = PBXFileReference; fileEncoding = 4; lastKnownFileType = sourcecode.cpp.h; path = bezier.hpp; sourceTree = "<group>"; };
		55238FE52962239800AC0C43 /* DiceData.hpp */ = {isa = PBXFileReference; fileEncoding = 4; lastKnownFileType = sourcecode.cpp.h; path = DiceData.hpp; sourceTree = "<group>"; };
		55238FE62962239800AC0C43 /* LevelLoader.hpp */ = {isa = PBXFileReference; fileEncoding = 4; lastKnownFileType = sourcecode.cpp.h; path = LevelLoader.hpp; sourceTree = "<group>"; };
		55238FE72962239800AC0C43 /* main.cpp */ = {isa = PBXFileReference; fileEncoding = 4; lastKnownFileType = sourcecode.cpp.cpp; path = main.cpp; sourceTree = "<group>"; };
		55238FE82962239800AC0C43 /* gamebase.cpp */ = {isa = PBXFileReference; fileEncoding = 4; lastKnownFileType = sourcecode.cpp.cpp; path = gamebase.cpp; sourceTree = "<group>"; };
		552391022962267E00AC0C43 /* Assets.xcassets */ = {isa = PBXFileReference; lastKnownFileType = folder.assetcatalog; path = Assets.xcassets; sourceTree = "<group>"; };
		5581E03A2963354D00953CD1 /* touchhelper.cpp */ = {isa = PBXFileReference; fileEncoding = 4; lastKnownFileType = sourcecode.cpp.cpp; path = touchhelper.cpp; sourceTree = "<group>"; };
		5581E05229633F3E00953CD1 /* TouchObject.hpp */ = {isa = PBXFileReference; fileEncoding = 4; lastKnownFileType = sourcecode.cpp.h; path = TouchObject.hpp; sourceTree = "<group>"; };
		5581E05329633F3E00953CD1 /* TouchObject.cpp */ = {isa = PBXFileReference; fileEncoding = 4; lastKnownFileType = sourcecode.cpp.cpp; path = TouchObject.cpp; sourceTree = "<group>"; };
		5581E05729637FA000953CD1 /* TouchController.cpp */ = {isa = PBXFileReference; fileEncoding = 4; lastKnownFileType = sourcecode.cpp.cpp; path = TouchController.cpp; sourceTree = "<group>"; };
		5581E05829637FA000953CD1 /* TouchController.hpp */ = {isa = PBXFileReference; fileEncoding = 4; lastKnownFileType = sourcecode.cpp.h; path = TouchController.hpp; sourceTree = "<group>"; };
		5581E05D2964A48D00953CD1 /* cube-puzzle-iOS-Info.plist */ = {isa = PBXFileReference; lastKnownFileType = text.plist; path = "cube-puzzle-iOS-Info.plist"; sourceTree = "<group>"; };
		55A9C9D9299402FA00AEF66E /* online_presence */ = {isa = PBXFileReference; lastKnownFileType = folder; name = online_presence; path = ../online_presence; sourceTree = "<group>"; };
		55A9C9F4299406E400AEF66E /* testtest.xctest */ = {isa = PBXFileReference; explicitFileType = wrapper.cfbundle; includeInIndex = 0; path = testtest.xctest; sourceTree = BUILT_PRODUCTS_DIR; };
		55A9C9F6299406E400AEF66E /* testtest.swift */ = {isa = PBXFileReference; lastKnownFileType = sourcecode.swift; path = testtest.swift; sourceTree = "<group>"; };
		55A9C9F8299406E400AEF66E /* testtestLaunchTests.swift */ = {isa = PBXFileReference; lastKnownFileType = sourcecode.swift; path = testtestLaunchTests.swift; sourceTree = "<group>"; };
		55C299242990121C0018224F /* cube_puzzleTests.swift */ = {isa = PBXFileReference; lastKnownFileType = sourcecode.swift; path = cube_puzzleTests.swift; sourceTree = "<group>"; };
		55C2993F299014FF0018224F /* SimulatorsList.txt */ = {isa = PBXFileReference; lastKnownFileType = text; path = SimulatorsList.txt; sourceTree = "<group>"; };
		55C29943299015B40018224F /* multipleSimulatorStartup.sh */ = {isa = PBXFileReference; lastKnownFileType = text.script.sh; path = multipleSimulatorStartup.sh; sourceTree = "<group>"; };
		55C2994C29901A130018224F /* cube_puzzleUITests.xctest */ = {isa = PBXFileReference; explicitFileType = wrapper.cfbundle; includeInIndex = 0; path = cube_puzzleUITests.xctest; sourceTree = BUILT_PRODUCTS_DIR; };
		55C2994E29901A130018224F /* cube_puzzleUITests.swift */ = {isa = PBXFileReference; lastKnownFileType = sourcecode.swift; path = cube_puzzleUITests.swift; sourceTree = "<group>"; };
		55C2995029901A130018224F /* cube_puzzleUITestsLaunchTests.swift */ = {isa = PBXFileReference; lastKnownFileType = sourcecode.swift; path = cube_puzzleUITestsLaunchTests.swift; sourceTree = "<group>"; };
		55FDC93C296DDC56006862C9 /* HTTPRequest.hpp */ = {isa = PBXFileReference; fileEncoding = 4; lastKnownFileType = sourcecode.cpp.h; path = HTTPRequest.hpp; sourceTree = "<group>"; };
		55FDC951296DDC9E006862C9 /* RemoteLevelFetch.cpp */ = {isa = PBXFileReference; fileEncoding = 4; lastKnownFileType = sourcecode.cpp.cpp; path = RemoteLevelFetch.cpp; sourceTree = "<group>"; };
		55FDC952296DDC9E006862C9 /* RemoteLevelFetch.hpp */ = {isa = PBXFileReference; fileEncoding = 4; lastKnownFileType = sourcecode.cpp.h; path = RemoteLevelFetch.hpp; sourceTree = "<group>"; };
/* End PBXFileReference section */

/* Begin PBXFrameworksBuildPhase section */
		55238DBE2961C9B500AC0C43 /* Frameworks */ = {
			isa = PBXFrameworksBuildPhase;
			buildActionMask = 2147483647;
			files = (
				5513F4C029623555007C9B13 /* SDL2.framework in Frameworks */,
				5513F4C729623581007C9B13 /* SDL2_ttf.framework in Frameworks */,
				5513F4C529623581007C9B13 /* SDL2_mixer.framework in Frameworks */,
				5513F4C329623581007C9B13 /* SDL2_image.framework in Frameworks */,
			);
			runOnlyForDeploymentPostprocessing = 0;
		};
		55238DD32961C9B500AC0C43 /* Frameworks */ = {
			isa = PBXFrameworksBuildPhase;
			buildActionMask = 2147483647;
			files = (
				55238EA12961DACC00AC0C43 /* SDL2_ttf.framework in Frameworks */,
				55238E9F2961DACB00AC0C43 /* SDL2_mixer.framework in Frameworks */,
				55238E9C2961DACA00AC0C43 /* SDL2_image.framework in Frameworks */,
				55238EA32961DACE00AC0C43 /* SDL2.framework in Frameworks */,
			);
			runOnlyForDeploymentPostprocessing = 0;
		};
		55238DE72961C9B500AC0C43 /* Frameworks */ = {
			isa = PBXFrameworksBuildPhase;
			buildActionMask = 2147483647;
			files = (
				5502185B2962295900F0509F /* SDL2.framework in Frameworks */,
				55238EAE2961DB0300AC0C43 /* SDL2_ttf.framework in Frameworks */,
				55238EAC2961DB0100AC0C43 /* SDL2_mixer.framework in Frameworks */,
				55238EA92961DB0000AC0C43 /* SDL2_image.framework in Frameworks */,
			);
			runOnlyForDeploymentPostprocessing = 0;
		};
		55A9C9F1299406E400AEF66E /* Frameworks */ = {
			isa = PBXFrameworksBuildPhase;
			buildActionMask = 2147483647;
			files = (
			);
			runOnlyForDeploymentPostprocessing = 0;
		};
		55C2994929901A130018224F /* Frameworks */ = {
			isa = PBXFrameworksBuildPhase;
			buildActionMask = 2147483647;
			files = (
			);
			runOnlyForDeploymentPostprocessing = 0;
		};
/* End PBXFrameworksBuildPhase section */

/* Begin PBXGroup section */
		55238DB22961C9B400AC0C43 = {
			isa = PBXGroup;
			children = (
				5504DE9F299E327400F7C920 /* cube_puzzle iOS.entitlements */,
				55A9C9D9299402FA00AEF66E /* online_presence */,
				55C29943299015B40018224F /* multipleSimulatorStartup.sh */,
				55C2993F299014FF0018224F /* SimulatorsList.txt */,
				5581E05D2964A48D00953CD1 /* cube-puzzle-iOS-Info.plist */,
				5502186129622A7200F0509F /* asset */,
				552391022962267E00AC0C43 /* Assets.xcassets */,
				5502185D29622A3D00F0509F /* config.xcconfig */,
				55238FAA2962239800AC0C43 /* src */,
				55238FA82962236700AC0C43 /* prepared */,
				55238E7E2961D77500AC0C43 /* SDL_ttf.xcodeproj */,
				55238E6F2961D76500AC0C43 /* SDL_mixer.xcodeproj */,
				55238E602961D75700AC0C43 /* SDL_image.xcodeproj */,
				55238E3C2961D74300AC0C43 /* SDL.xcodeproj */,
				55238E382961D6F700AC0C43 /* .gitignore */,
				55238E342961CD1100AC0C43 /* download_dependencies.sh */,
				55238EB72961DF3A00AC0C43 /* configureConfigHeader.sh */,
				5513F4D329623FAA007C9B13 /* SETUP.md */,
				55238EBF2961EB9400AC0C43 /* extractXCodeData.sh */,
				55238EBB2961E88500AC0C43 /* osname.sh */,
				55238E0E2961CA0A00AC0C43 /* tvos */,
				55238E0D2961C9FC00AC0C43 /* macOS */,
				55238E0C2961C9EB00AC0C43 /* iOS */,
				55C2994D29901A130018224F /* cube_puzzleUITests */,
				55A9C9F5299406E400AEF66E /* testtest */,
				55238DC22961C9B500AC0C43 /* Products */,
				55238E8A2961D90000AC0C43 /* Frameworks */,
			);
			sourceTree = "<group>";
		};
		55238DC22961C9B500AC0C43 /* Products */ = {
			isa = PBXGroup;
			children = (
				55238DC12961C9B500AC0C43 /* cube_puzzle.app */,
				55238DD62961C9B500AC0C43 /* cube_puzzle.app */,
				55238DEA2961C9B500AC0C43 /* cube_puzzle.app */,
				55C2994C29901A130018224F /* cube_puzzleUITests.xctest */,
				55A9C9F4299406E400AEF66E /* testtest.xctest */,
			);
			name = Products;
			sourceTree = "<group>";
		};
		55238E0C2961C9EB00AC0C43 /* iOS */ = {
			isa = PBXGroup;
			children = (
				5513F4D129623669007C9B13 /* LaunchScreen.storyboard */,
			);
			path = iOS;
			sourceTree = "<group>";
		};
		55238E0D2961C9FC00AC0C43 /* macOS */ = {
			isa = PBXGroup;
			children = (
				55238DF72961C9B500AC0C43 /* cube_puzzle_macOS.entitlements */,
				55238DF22961C9B500AC0C43 /* Main.storyboard */,
			);
			path = macOS;
			sourceTree = "<group>";
		};
		55238E0E2961CA0A00AC0C43 /* tvos */ = {
			isa = PBXGroup;
			children = (
				55238DE12961C9B500AC0C43 /* LaunchScreen.storyboard */,
				55238DDE2961C9B500AC0C43 /* Main.storyboard */,
			);
			path = tvos;
			sourceTree = "<group>";
		};
		55238E3D2961D74300AC0C43 /* Products */ = {
			isa = PBXGroup;
			children = (
				55238E4B2961D74300AC0C43 /* SDL2.framework */,
				55238E4D2961D74300AC0C43 /* SDL2.framework */,
				55238E4F2961D74300AC0C43 /* SDL2.framework */,
				55238E512961D74300AC0C43 /* SDL2.framework */,
				55238E532961D74300AC0C43 /* libSDL2.a */,
				55238E552961D74300AC0C43 /* libSDL2.a */,
				55238E572961D74300AC0C43 /* libSDL2.a */,
				55238E592961D74300AC0C43 /* libSDL2.dylib */,
				55238E5B2961D74300AC0C43 /* libSDL2.dylib */,
				55238E5D2961D74300AC0C43 /* libSDL2.dylib */,
				55238E5F2961D74300AC0C43 /* SDL2 */,
			);
			name = Products;
			sourceTree = "<group>";
		};
		55238E612961D75700AC0C43 /* Products */ = {
			isa = PBXGroup;
			children = (
				55238E6A2961D75700AC0C43 /* SDL2_image.framework */,
				55238E6C2961D75700AC0C43 /* libSDL2_image.a */,
				55238E6E2961D75700AC0C43 /* Create DMG */,
			);
			name = Products;
			sourceTree = "<group>";
		};
		55238E702961D76500AC0C43 /* Products */ = {
			isa = PBXGroup;
			children = (
				55238E792961D76600AC0C43 /* SDL2_mixer.framework */,
				55238E7B2961D76600AC0C43 /* libSDL2_mixer.a */,
				55238E7D2961D76600AC0C43 /* Create DMG */,
			);
			name = Products;
			sourceTree = "<group>";
		};
		55238E7F2961D77500AC0C43 /* Products */ = {
			isa = PBXGroup;
			children = (
				55238E852961D77500AC0C43 /* SDL2_ttf.framework */,
				55238E872961D77500AC0C43 /* libSDL2_ttf.a */,
				55238E892961D77500AC0C43 /* Create DMG */,
			);
			name = Products;
			sourceTree = "<group>";
		};
		55238E8A2961D90000AC0C43 /* Frameworks */ = {
			isa = PBXGroup;
			children = (
			);
			name = Frameworks;
			sourceTree = "<group>";
		};
		55238FA82962236700AC0C43 /* prepared */ = {
			isa = PBXGroup;
			children = (
				55238FA92962236700AC0C43 /* config.hpp */,
			);
			path = prepared;
			sourceTree = "<group>";
		};
		55238FAA2962239800AC0C43 /* src */ = {
			isa = PBXGroup;
			children = (
				55FDC93B296DDC56006862C9 /* lib */,
				55238FAB2962239800AC0C43 /* recthelper.hpp */,
				55238FAC2962239800AC0C43 /* global.hpp */,
				55238FAD2962239800AC0C43 /* gamebase.hpp */,
				55238FAE2962239800AC0C43 /* matrix.hpp */,
				5502186F29622E4B00F0509F /* touchhelper.hpp */,
				5581E03A2963354D00953CD1 /* touchhelper.cpp */,
				55238FAF2962239800AC0C43 /* CubeGame.cpp */,
				55238FB02962239800AC0C43 /* AudioHandler.cpp */,
				55238FB12962239800AC0C43 /* filehelper.hpp */,
				55238FB22962239800AC0C43 /* GameObjects */,
				55238FC72962239800AC0C43 /* config.hpp.in */,
				55238FC82962239800AC0C43 /* States */,
				55238FD32962239800AC0C43 /* mathhelper.hpp */,
				55238FD42962239800AC0C43 /* CubeGame.hpp */,
				55238FD52962239800AC0C43 /* AudioHandler.hpp */,
				55238FD62962239800AC0C43 /* SDL_uikit_main.c */,
				5581E05729637FA000953CD1 /* TouchController.cpp */,
				5581E05829637FA000953CD1 /* TouchController.hpp */,
				55238FD72962239800AC0C43 /* stringhelper.hpp */,
				55238FD82962239800AC0C43 /* data */,
				55238FE72962239800AC0C43 /* main.cpp */,
				55238FE82962239800AC0C43 /* gamebase.cpp */,
			);
			name = src;
			path = ../src;
			sourceTree = "<group>";
		};
		55238FB22962239800AC0C43 /* GameObjects */ = {
			isa = PBXGroup;
			children = (
				5513F51529631104007C9B13 /* UIButton.cpp */,
				5581E05329633F3E00953CD1 /* TouchObject.cpp */,
				5581E05229633F3E00953CD1 /* TouchObject.hpp */,
				5513F51629631104007C9B13 /* UIButton.hpp */,
				55238FB32962239800AC0C43 /* CubeObject_render.cpp */,
				55238FB42962239800AC0C43 /* CubeObject.cpp */,
				55238FB52962239800AC0C43 /* Player.cpp */,
				55238FB62962239800AC0C43 /* Text.cpp */,
				55238FB72962239800AC0C43 /* CubeMapMiniMap.cpp */,
				55238FB82962239800AC0C43 /* WorldMap.cpp */,
				55238FB92962239800AC0C43 /* GameObject.cpp */,
				55238FBA2962239800AC0C43 /* CubeMapSide.cpp */,
				55238FBB2962239800AC0C43 /* CubeMap_playerMovement.cpp */,
				55238FBC2962239800AC0C43 /* CubeField.cpp */,
				55238FBD2962239800AC0C43 /* CubeMap.cpp */,
				55238FBE2962239800AC0C43 /* GameObject.hpp */,
				55238FBF2962239800AC0C43 /* CubeMapSide.hpp */,
				55238FC02962239800AC0C43 /* CubeField.hpp */,
				55238FC12962239800AC0C43 /* CubeMap.hpp */,
				55238FC22962239800AC0C43 /* CubeObject.hpp */,
				55238FC32962239800AC0C43 /* Player.hpp */,
				55238FC42962239800AC0C43 /* Text.hpp */,
				55238FC52962239800AC0C43 /* CubeMapMiniMap.hpp */,
				55238FC62962239800AC0C43 /* WorldMap.hpp */,
			);
			path = GameObjects;
			sourceTree = "<group>";
		};
		55238FC82962239800AC0C43 /* States */ = {
			isa = PBXGroup;
			children = (
				5504DE78299E218D00F7C920 /* LanguageSelector.cpp */,
				5504DE79299E218D00F7C920 /* LanguageSelector.hpp */,
				55238FC92962239800AC0C43 /* TutorialLevel.hpp */,
				55238FCA2962239800AC0C43 /* Level.cpp */,
				55238FCB2962239800AC0C43 /* LevelSelector.cpp */,
				55238FCC2962239800AC0C43 /* TitleScreen.cpp */,
				55238FCD2962239800AC0C43 /* ComplexGameState.cpp */,
				55238FCE2962239800AC0C43 /* Level.hpp */,
				55238FCF2962239800AC0C43 /* LevelSelector.hpp */,
				55238FD02962239800AC0C43 /* TitleScreen.hpp */,
				55238FD12962239800AC0C43 /* ComplexGameState.hpp */,
				55238FD22962239800AC0C43 /* TutorialLevel.cpp */,
			);
			path = States;
			sourceTree = "<group>";
		};
		55238FD82962239800AC0C43 /* data */ = {
			isa = PBXGroup;
			children = (
				55FDC951296DDC9E006862C9 /* RemoteLevelFetch.cpp */,
				55FDC952296DDC9E006862C9 /* RemoteLevelFetch.hpp */,
				55238FD92962239800AC0C43 /* Colors.hpp */,
				55238FDA2962239800AC0C43 /* paths.hpp */,
				55238FDB2962239800AC0C43 /* spriteDefs.hpp */,
				55238FDC2962239800AC0C43 /* DiceData.cpp */,
				55238FDD2962239800AC0C43 /* LevelLoader.cpp */,
				55238FDE2962239800AC0C43 /* WorldField.hpp */,
				55238FDF2962239800AC0C43 /* EmptyData.hpp */,
				55238FE02962239800AC0C43 /* SpriteStorage.hpp */,
				55238FE12962239800AC0C43 /* LevelData.hpp */,
				55238FE22962239800AC0C43 /* MoveDirections.hpp */,
				55238FE32962239800AC0C43 /* WorldField.cpp */,
				55238FE42962239800AC0C43 /* bezier.hpp */,
				55238FE52962239800AC0C43 /* DiceData.hpp */,
				55238FE62962239800AC0C43 /* LevelLoader.hpp */,
				5504DE43299D935E00F7C920 /* language.cpp */,
				5504DE44299D935E00F7C920 /* language.hpp */,
			);
			path = data;
			sourceTree = "<group>";
		};
		55A9C9F5299406E400AEF66E /* testtest */ = {
			isa = PBXGroup;
			children = (
				55A9C9F6299406E400AEF66E /* testtest.swift */,
				55A9C9F8299406E400AEF66E /* testtestLaunchTests.swift */,
			);
			path = testtest;
			sourceTree = "<group>";
		};
		55C2994D29901A130018224F /* cube_puzzleUITests */ = {
			isa = PBXGroup;
			children = (
				55C299242990121C0018224F /* cube_puzzleTests.swift */,
				55C2994E29901A130018224F /* cube_puzzleUITests.swift */,
				55C2995029901A130018224F /* cube_puzzleUITestsLaunchTests.swift */,
			);
			path = cube_puzzleUITests;
			sourceTree = "<group>";
		};
		55FDC93B296DDC56006862C9 /* lib */ = {
			isa = PBXGroup;
			children = (
				55FDC93C296DDC56006862C9 /* HTTPRequest.hpp */,
			);
			path = lib;
			sourceTree = "<group>";
		};
/* End PBXGroup section */

/* Begin PBXNativeTarget section */
		55238DC02961C9B500AC0C43 /* cube_puzzle iOS */ = {
			isa = PBXNativeTarget;
			buildConfigurationList = 55238E032961C9B500AC0C43 /* Build configuration list for PBXNativeTarget "cube_puzzle iOS" */;
			buildPhases = (
				5581E05C29639CB300953CD1 /* ShellScript */,
				55238DBD2961C9B500AC0C43 /* Sources */,
				55238DBE2961C9B500AC0C43 /* Frameworks */,
				55238DBF2961C9B500AC0C43 /* Resources */,
				5513F4C229623555007C9B13 /* Embed Frameworks */,
			);
			buildRules = (
			);
			dependencies = (
			);
			name = "cube_puzzle iOS";
			productName = "cube_puzzle iOS";
			productReference = 55238DC12961C9B500AC0C43 /* cube_puzzle.app */;
			productType = "com.apple.product-type.application";
		};
		55238DD52961C9B500AC0C43 /* cube_puzzle tvOS */ = {
			isa = PBXNativeTarget;
			buildConfigurationList = 55238E062961C9B500AC0C43 /* Build configuration list for PBXNativeTarget "cube_puzzle tvOS" */;
			buildPhases = (
				55238DD22961C9B500AC0C43 /* Sources */,
				55238DD32961C9B500AC0C43 /* Frameworks */,
				55238DD42961C9B500AC0C43 /* Resources */,
				55238E9E2961DACA00AC0C43 /* Embed Frameworks */,
			);
			buildRules = (
			);
			dependencies = (
			);
			name = "cube_puzzle tvOS";
			productName = "cube_puzzle tvOS";
			productReference = 55238DD62961C9B500AC0C43 /* cube_puzzle.app */;
			productType = "com.apple.product-type.application";
		};
		55238DE92961C9B500AC0C43 /* cube_puzzle macOS */ = {
			isa = PBXNativeTarget;
			buildConfigurationList = 55238E092961C9B500AC0C43 /* Build configuration list for PBXNativeTarget "cube_puzzle macOS" */;
			buildPhases = (
				55238DE62961C9B500AC0C43 /* Sources */,
				55238DE72961C9B500AC0C43 /* Frameworks */,
				55238DE82961C9B500AC0C43 /* Resources */,
				55238EAB2961DB0000AC0C43 /* Embed Frameworks */,
			);
			buildRules = (
			);
			dependencies = (
			);
			name = "cube_puzzle macOS";
			productName = "cube_puzzle macOS";
			productReference = 55238DEA2961C9B500AC0C43 /* cube_puzzle.app */;
			productType = "com.apple.product-type.application";
		};
		55A9C9F3299406E400AEF66E /* testtest */ = {
			isa = PBXNativeTarget;
			buildConfigurationList = 55A9C9FC299406E400AEF66E /* Build configuration list for PBXNativeTarget "testtest" */;
			buildPhases = (
				55A9C9F0299406E400AEF66E /* Sources */,
				55A9C9F1299406E400AEF66E /* Frameworks */,
				55A9C9F2299406E400AEF66E /* Resources */,
			);
			buildRules = (
			);
			dependencies = (
				55A9C9FB299406E400AEF66E /* PBXTargetDependency */,
			);
			name = testtest;
			productName = testtest;
			productReference = 55A9C9F4299406E400AEF66E /* testtest.xctest */;
			productType = "com.apple.product-type.bundle.ui-testing";
		};
		55C2994B29901A130018224F /* cube_puzzleUITests */ = {
			isa = PBXNativeTarget;
			buildConfigurationList = 55C2995429901A130018224F /* Build configuration list for PBXNativeTarget "cube_puzzleUITests" */;
			buildPhases = (
				55C2994829901A130018224F /* Sources */,
				55C2994929901A130018224F /* Frameworks */,
				55C2994A29901A130018224F /* Resources */,
			);
			buildRules = (
			);
			dependencies = (
				55C2995329901A130018224F /* PBXTargetDependency */,
			);
			name = cube_puzzleUITests;
			productName = cube_puzzleUITests;
			productReference = 55C2994C29901A130018224F /* cube_puzzleUITests.xctest */;
			productType = "com.apple.product-type.bundle.ui-testing";
		};
/* End PBXNativeTarget section */

/* Begin PBXProject section */
		55238DB32961C9B400AC0C43 /* Project object */ = {
			isa = PBXProject;
			attributes = {
				BuildIndependentTargetsInParallel = 1;
				LastSwiftUpdateCheck = 1420;
				LastUpgradeCheck = 1420;
				TargetAttributes = {
					55238DC02961C9B500AC0C43 = {
						CreatedOnToolsVersion = 14.2;
					};
					55238DD52961C9B500AC0C43 = {
						CreatedOnToolsVersion = 14.2;
					};
					55238DE92961C9B500AC0C43 = {
						CreatedOnToolsVersion = 14.2;
					};
					55A9C9F3299406E400AEF66E = {
						CreatedOnToolsVersion = 14.2;
						TestTargetID = 55238DC02961C9B500AC0C43;
					};
					55C2994B29901A130018224F = {
						CreatedOnToolsVersion = 14.2;
						TestTargetID = 55238DC02961C9B500AC0C43;
					};
				};
			};
			buildConfigurationList = 55238DB62961C9B400AC0C43 /* Build configuration list for PBXProject "cube_puzzle" */;
			compatibilityVersion = "Xcode 14.0";
			developmentRegion = en;
			hasScannedForEncodings = 0;
			knownRegions = (
				en,
				Base,
			);
			mainGroup = 55238DB22961C9B400AC0C43;
			packageReferences = (
			);
			productRefGroup = 55238DC22961C9B500AC0C43 /* Products */;
			projectDirPath = "";
			projectReferences = (
				{
					ProductGroup = 55238E3D2961D74300AC0C43 /* Products */;
					ProjectRef = 55238E3C2961D74300AC0C43 /* SDL.xcodeproj */;
				},
				{
					ProductGroup = 55238E612961D75700AC0C43 /* Products */;
					ProjectRef = 55238E602961D75700AC0C43 /* SDL_image.xcodeproj */;
				},
				{
					ProductGroup = 55238E702961D76500AC0C43 /* Products */;
					ProjectRef = 55238E6F2961D76500AC0C43 /* SDL_mixer.xcodeproj */;
				},
				{
					ProductGroup = 55238E7F2961D77500AC0C43 /* Products */;
					ProjectRef = 55238E7E2961D77500AC0C43 /* SDL_ttf.xcodeproj */;
				},
			);
			projectRoot = "";
			targets = (
				55238DC02961C9B500AC0C43 /* cube_puzzle iOS */,
				55238DD52961C9B500AC0C43 /* cube_puzzle tvOS */,
				55238DE92961C9B500AC0C43 /* cube_puzzle macOS */,
				55C2994B29901A130018224F /* cube_puzzleUITests */,
				55A9C9F3299406E400AEF66E /* testtest */,
			);
		};
/* End PBXProject section */

/* Begin PBXReferenceProxy section */
		55238E4B2961D74300AC0C43 /* SDL2.framework */ = {
			isa = PBXReferenceProxy;
			fileType = wrapper.framework;
			path = SDL2.framework;
			remoteRef = 55238E4A2961D74300AC0C43 /* PBXContainerItemProxy */;
			sourceTree = BUILT_PRODUCTS_DIR;
		};
		55238E4D2961D74300AC0C43 /* SDL2.framework */ = {
			isa = PBXReferenceProxy;
			fileType = wrapper.framework;
			path = SDL2.framework;
			remoteRef = 55238E4C2961D74300AC0C43 /* PBXContainerItemProxy */;
			sourceTree = BUILT_PRODUCTS_DIR;
		};
		55238E4F2961D74300AC0C43 /* SDL2.framework */ = {
			isa = PBXReferenceProxy;
			fileType = wrapper.framework;
			path = SDL2.framework;
			remoteRef = 55238E4E2961D74300AC0C43 /* PBXContainerItemProxy */;
			sourceTree = BUILT_PRODUCTS_DIR;
		};
		55238E512961D74300AC0C43 /* SDL2.framework */ = {
			isa = PBXReferenceProxy;
			fileType = wrapper.framework;
			path = SDL2.framework;
			remoteRef = 55238E502961D74300AC0C43 /* PBXContainerItemProxy */;
			sourceTree = BUILT_PRODUCTS_DIR;
		};
		55238E532961D74300AC0C43 /* libSDL2.a */ = {
			isa = PBXReferenceProxy;
			fileType = archive.ar;
			path = libSDL2.a;
			remoteRef = 55238E522961D74300AC0C43 /* PBXContainerItemProxy */;
			sourceTree = BUILT_PRODUCTS_DIR;
		};
		55238E552961D74300AC0C43 /* libSDL2.a */ = {
			isa = PBXReferenceProxy;
			fileType = archive.ar;
			path = libSDL2.a;
			remoteRef = 55238E542961D74300AC0C43 /* PBXContainerItemProxy */;
			sourceTree = BUILT_PRODUCTS_DIR;
		};
		55238E572961D74300AC0C43 /* libSDL2.a */ = {
			isa = PBXReferenceProxy;
			fileType = archive.ar;
			path = libSDL2.a;
			remoteRef = 55238E562961D74300AC0C43 /* PBXContainerItemProxy */;
			sourceTree = BUILT_PRODUCTS_DIR;
		};
		55238E592961D74300AC0C43 /* libSDL2.dylib */ = {
			isa = PBXReferenceProxy;
			fileType = "compiled.mach-o.dylib";
			path = libSDL2.dylib;
			remoteRef = 55238E582961D74300AC0C43 /* PBXContainerItemProxy */;
			sourceTree = BUILT_PRODUCTS_DIR;
		};
		55238E5B2961D74300AC0C43 /* libSDL2.dylib */ = {
			isa = PBXReferenceProxy;
			fileType = "compiled.mach-o.dylib";
			path = libSDL2.dylib;
			remoteRef = 55238E5A2961D74300AC0C43 /* PBXContainerItemProxy */;
			sourceTree = BUILT_PRODUCTS_DIR;
		};
		55238E5D2961D74300AC0C43 /* libSDL2.dylib */ = {
			isa = PBXReferenceProxy;
			fileType = "compiled.mach-o.dylib";
			path = libSDL2.dylib;
			remoteRef = 55238E5C2961D74300AC0C43 /* PBXContainerItemProxy */;
			sourceTree = BUILT_PRODUCTS_DIR;
		};
		55238E5F2961D74300AC0C43 /* SDL2 */ = {
			isa = PBXReferenceProxy;
			fileType = "compiled.mach-o.executable";
			path = SDL2;
			remoteRef = 55238E5E2961D74300AC0C43 /* PBXContainerItemProxy */;
			sourceTree = BUILT_PRODUCTS_DIR;
		};
		55238E6A2961D75700AC0C43 /* SDL2_image.framework */ = {
			isa = PBXReferenceProxy;
			fileType = wrapper.framework;
			path = SDL2_image.framework;
			remoteRef = 55238E692961D75700AC0C43 /* PBXContainerItemProxy */;
			sourceTree = BUILT_PRODUCTS_DIR;
		};
		55238E6C2961D75700AC0C43 /* libSDL2_image.a */ = {
			isa = PBXReferenceProxy;
			fileType = archive.ar;
			path = libSDL2_image.a;
			remoteRef = 55238E6B2961D75700AC0C43 /* PBXContainerItemProxy */;
			sourceTree = BUILT_PRODUCTS_DIR;
		};
		55238E6E2961D75700AC0C43 /* Create DMG */ = {
			isa = PBXReferenceProxy;
			fileType = "compiled.mach-o.executable";
			path = "Create DMG";
			remoteRef = 55238E6D2961D75700AC0C43 /* PBXContainerItemProxy */;
			sourceTree = BUILT_PRODUCTS_DIR;
		};
		55238E792961D76600AC0C43 /* SDL2_mixer.framework */ = {
			isa = PBXReferenceProxy;
			fileType = wrapper.framework;
			path = SDL2_mixer.framework;
			remoteRef = 55238E782961D76600AC0C43 /* PBXContainerItemProxy */;
			sourceTree = BUILT_PRODUCTS_DIR;
		};
		55238E7B2961D76600AC0C43 /* libSDL2_mixer.a */ = {
			isa = PBXReferenceProxy;
			fileType = archive.ar;
			path = libSDL2_mixer.a;
			remoteRef = 55238E7A2961D76600AC0C43 /* PBXContainerItemProxy */;
			sourceTree = BUILT_PRODUCTS_DIR;
		};
		55238E7D2961D76600AC0C43 /* Create DMG */ = {
			isa = PBXReferenceProxy;
			fileType = "compiled.mach-o.executable";
			path = "Create DMG";
			remoteRef = 55238E7C2961D76600AC0C43 /* PBXContainerItemProxy */;
			sourceTree = BUILT_PRODUCTS_DIR;
		};
		55238E852961D77500AC0C43 /* SDL2_ttf.framework */ = {
			isa = PBXReferenceProxy;
			fileType = wrapper.framework;
			path = SDL2_ttf.framework;
			remoteRef = 55238E842961D77500AC0C43 /* PBXContainerItemProxy */;
			sourceTree = BUILT_PRODUCTS_DIR;
		};
		55238E872961D77500AC0C43 /* libSDL2_ttf.a */ = {
			isa = PBXReferenceProxy;
			fileType = archive.ar;
			path = libSDL2_ttf.a;
			remoteRef = 55238E862961D77500AC0C43 /* PBXContainerItemProxy */;
			sourceTree = BUILT_PRODUCTS_DIR;
		};
		55238E892961D77500AC0C43 /* Create DMG */ = {
			isa = PBXReferenceProxy;
			fileType = "compiled.mach-o.executable";
			path = "Create DMG";
			remoteRef = 55238E882961D77500AC0C43 /* PBXContainerItemProxy */;
			sourceTree = BUILT_PRODUCTS_DIR;
		};
/* End PBXReferenceProxy section */

/* Begin PBXResourcesBuildPhase section */
		55238DBF2961C9B500AC0C43 /* Resources */ = {
			isa = PBXResourcesBuildPhase;
			buildActionMask = 2147483647;
			files = (
				552391032962267E00AC0C43 /* Assets.xcassets in Resources */,
				5502185E29622A3D00F0509F /* config.xcconfig in Resources */,
				5502186229622A7200F0509F /* asset in Resources */,
				5513F4D229623669007C9B13 /* LaunchScreen.storyboard in Resources */,
			);
			runOnlyForDeploymentPostprocessing = 0;
		};
		55238DD42961C9B500AC0C43 /* Resources */ = {
			isa = PBXResourcesBuildPhase;
			buildActionMask = 2147483647;
			files = (
				55238DE02961C9B500AC0C43 /* Main.storyboard in Resources */,
				552391042962267E00AC0C43 /* Assets.xcassets in Resources */,
				5502185F29622A3D00F0509F /* config.xcconfig in Resources */,
				5502186329622A7300F0509F /* asset in Resources */,
				55238DE32961C9B500AC0C43 /* LaunchScreen.storyboard in Resources */,
			);
			runOnlyForDeploymentPostprocessing = 0;
		};
		55238DE82961C9B500AC0C43 /* Resources */ = {
			isa = PBXResourcesBuildPhase;
			buildActionMask = 2147483647;
			files = (
				55238DF42961C9B500AC0C43 /* Main.storyboard in Resources */,
				5502186429622A7300F0509F /* asset in Resources */,
				552391052962267E00AC0C43 /* Assets.xcassets in Resources */,
				5502186029622A3D00F0509F /* config.xcconfig in Resources */,
				55A9C9EE299402FA00AEF66E /* online_presence in Resources */,
			);
			runOnlyForDeploymentPostprocessing = 0;
		};
		55A9C9F2299406E400AEF66E /* Resources */ = {
			isa = PBXResourcesBuildPhase;
			buildActionMask = 2147483647;
			files = (
			);
			runOnlyForDeploymentPostprocessing = 0;
		};
		55C2994A29901A130018224F /* Resources */ = {
			isa = PBXResourcesBuildPhase;
			buildActionMask = 2147483647;
			files = (
			);
			runOnlyForDeploymentPostprocessing = 0;
		};
/* End PBXResourcesBuildPhase section */

/* Begin PBXShellScriptBuildPhase section */
		5581E05C29639CB300953CD1 /* ShellScript */ = {
			isa = PBXShellScriptBuildPhase;
			buildActionMask = 2147483647;
			files = (
			);
			inputFileListPaths = (
			);
			inputPaths = (
			);
			outputFileListPaths = (
			);
			outputPaths = (
			);
			runOnlyForDeploymentPostprocessing = 0;
			shellPath = /bin/sh;
			shellScript = "# Type a script or drag a script file from your workspace to insert its path.\n./configureConfigHeader.sh\n";
		};
/* End PBXShellScriptBuildPhase section */

/* Begin PBXSourcesBuildPhase section */
		55238DBD2961C9B500AC0C43 /* Sources */ = {
			isa = PBXSourcesBuildPhase;
			buildActionMask = 2147483647;
			files = (
				552390252962239800AC0C43 /* DiceData.cpp in Sources */,
				552390072962239800AC0C43 /* CubeMap_playerMovement.cpp in Sources */,
				5513F51729631104007C9B13 /* UIButton.cpp in Sources */,
				5581E05429633F3E00953CD1 /* TouchObject.cpp in Sources */,
				55238FF82962239800AC0C43 /* Text.cpp in Sources */,
				552390192962239800AC0C43 /* TitleScreen.cpp in Sources */,
				55238FEF2962239800AC0C43 /* CubeObject_render.cpp in Sources */,
				5504DE7A299E218D00F7C920 /* LanguageSelector.cpp in Sources */,
				552390162962239800AC0C43 /* LevelSelector.cpp in Sources */,
				55FDC953296DDC9E006862C9 /* RemoteLevelFetch.cpp in Sources */,
				552390282962239800AC0C43 /* LevelLoader.cpp in Sources */,
				5523902E2962239800AC0C43 /* main.cpp in Sources */,
				552390222962239800AC0C43 /* SDL_uikit_main.c in Sources */,
				55238FFB2962239800AC0C43 /* CubeMapMiniMap.cpp in Sources */,
				5523902B2962239800AC0C43 /* WorldField.cpp in Sources */,
				55238FFE2962239800AC0C43 /* WorldMap.cpp in Sources */,
				552390042962239800AC0C43 /* CubeMapSide.cpp in Sources */,
				55238FF22962239800AC0C43 /* CubeObject.cpp in Sources */,
				55238FE92962239800AC0C43 /* CubeGame.cpp in Sources */,
				5523901F2962239800AC0C43 /* TutorialLevel.cpp in Sources */,
				55238FEC2962239800AC0C43 /* AudioHandler.cpp in Sources */,
				5523900A2962239800AC0C43 /* CubeField.cpp in Sources */,
				552390312962239800AC0C43 /* gamebase.cpp in Sources */,
				552390132962239800AC0C43 /* Level.cpp in Sources */,
				5504DE45299D935E00F7C920 /* language.cpp in Sources */,
				5581E04F2963354D00953CD1 /* touchhelper.cpp in Sources */,
				55238FF52962239800AC0C43 /* Player.cpp in Sources */,
				552390012962239800AC0C43 /* GameObject.cpp in Sources */,
				5523901C2962239800AC0C43 /* ComplexGameState.cpp in Sources */,
				5523900D2962239800AC0C43 /* CubeMap.cpp in Sources */,
				5581E05929637FA000953CD1 /* TouchController.cpp in Sources */,
			);
			runOnlyForDeploymentPostprocessing = 0;
		};
		55238DD22961C9B500AC0C43 /* Sources */ = {
			isa = PBXSourcesBuildPhase;
			buildActionMask = 2147483647;
			files = (
				552390262962239800AC0C43 /* DiceData.cpp in Sources */,
				552390082962239800AC0C43 /* CubeMap_playerMovement.cpp in Sources */,
				5513F51829631104007C9B13 /* UIButton.cpp in Sources */,
				5581E05529633F3E00953CD1 /* TouchObject.cpp in Sources */,
				55238FF92962239800AC0C43 /* Text.cpp in Sources */,
				5523901A2962239800AC0C43 /* TitleScreen.cpp in Sources */,
				55238FF02962239800AC0C43 /* CubeObject_render.cpp in Sources */,
				552390172962239800AC0C43 /* LevelSelector.cpp in Sources */,
				55FDC954296DDC9E006862C9 /* RemoteLevelFetch.cpp in Sources */,
				552390292962239800AC0C43 /* LevelLoader.cpp in Sources */,
				5523902F2962239800AC0C43 /* main.cpp in Sources */,
				552390232962239800AC0C43 /* SDL_uikit_main.c in Sources */,
				55238FFC2962239800AC0C43 /* CubeMapMiniMap.cpp in Sources */,
				5523902C2962239800AC0C43 /* WorldField.cpp in Sources */,
				55238FFF2962239800AC0C43 /* WorldMap.cpp in Sources */,
				552390052962239800AC0C43 /* CubeMapSide.cpp in Sources */,
				55238FF32962239800AC0C43 /* CubeObject.cpp in Sources */,
				55238FEA2962239800AC0C43 /* CubeGame.cpp in Sources */,
				552390202962239800AC0C43 /* TutorialLevel.cpp in Sources */,
				55238FED2962239800AC0C43 /* AudioHandler.cpp in Sources */,
				5523900B2962239800AC0C43 /* CubeField.cpp in Sources */,
				552390322962239800AC0C43 /* gamebase.cpp in Sources */,
				552390142962239800AC0C43 /* Level.cpp in Sources */,
				5581E0502963354D00953CD1 /* touchhelper.cpp in Sources */,
				55238FF62962239800AC0C43 /* Player.cpp in Sources */,
				552390022962239800AC0C43 /* GameObject.cpp in Sources */,
				5523901D2962239800AC0C43 /* ComplexGameState.cpp in Sources */,
				5523900E2962239800AC0C43 /* CubeMap.cpp in Sources */,
				5581E05A29637FA000953CD1 /* TouchController.cpp in Sources */,
			);
			runOnlyForDeploymentPostprocessing = 0;
		};
		55238DE62961C9B500AC0C43 /* Sources */ = {
			isa = PBXSourcesBuildPhase;
			buildActionMask = 2147483647;
			files = (
				552390272962239800AC0C43 /* DiceData.cpp in Sources */,
				552390092962239800AC0C43 /* CubeMap_playerMovement.cpp in Sources */,
				5513F51929631104007C9B13 /* UIButton.cpp in Sources */,
				5581E05629633F3E00953CD1 /* TouchObject.cpp in Sources */,
				55238FFA2962239800AC0C43 /* Text.cpp in Sources */,
				5523901B2962239800AC0C43 /* TitleScreen.cpp in Sources */,
				55238FF12962239800AC0C43 /* CubeObject_render.cpp in Sources */,
				552390182962239800AC0C43 /* LevelSelector.cpp in Sources */,
				55FDC955296DDC9E006862C9 /* RemoteLevelFetch.cpp in Sources */,
				5523902A2962239800AC0C43 /* LevelLoader.cpp in Sources */,
				552390302962239800AC0C43 /* main.cpp in Sources */,
				552390242962239800AC0C43 /* SDL_uikit_main.c in Sources */,
				55238FFD2962239800AC0C43 /* CubeMapMiniMap.cpp in Sources */,
				5523902D2962239800AC0C43 /* WorldField.cpp in Sources */,
				552390002962239800AC0C43 /* WorldMap.cpp in Sources */,
				552390062962239800AC0C43 /* CubeMapSide.cpp in Sources */,
				55238FF42962239800AC0C43 /* CubeObject.cpp in Sources */,
				55238FEB2962239800AC0C43 /* CubeGame.cpp in Sources */,
				552390212962239800AC0C43 /* TutorialLevel.cpp in Sources */,
				55238FEE2962239800AC0C43 /* AudioHandler.cpp in Sources */,
				5523900C2962239800AC0C43 /* CubeField.cpp in Sources */,
				552390332962239800AC0C43 /* gamebase.cpp in Sources */,
				552390152962239800AC0C43 /* Level.cpp in Sources */,
				5581E0512963354D00953CD1 /* touchhelper.cpp in Sources */,
				55238FF72962239800AC0C43 /* Player.cpp in Sources */,
				552390032962239800AC0C43 /* GameObject.cpp in Sources */,
				5523901E2962239800AC0C43 /* ComplexGameState.cpp in Sources */,
				5523900F2962239800AC0C43 /* CubeMap.cpp in Sources */,
				5581E05B29637FA000953CD1 /* TouchController.cpp in Sources */,
			);
			runOnlyForDeploymentPostprocessing = 0;
		};
		55A9C9F0299406E400AEF66E /* Sources */ = {
			isa = PBXSourcesBuildPhase;
			buildActionMask = 2147483647;
			files = (
				55A9C9F9299406E400AEF66E /* testtestLaunchTests.swift in Sources */,
				55A9C9F7299406E400AEF66E /* testtest.swift in Sources */,
			);
			runOnlyForDeploymentPostprocessing = 0;
		};
		55C2994829901A130018224F /* Sources */ = {
			isa = PBXSourcesBuildPhase;
			buildActionMask = 2147483647;
			files = (
				55C2995129901A130018224F /* cube_puzzleUITestsLaunchTests.swift in Sources */,
				55C2995729901BEB0018224F /* cube_puzzleTests.swift in Sources */,
			);
			runOnlyForDeploymentPostprocessing = 0;
		};
/* End PBXSourcesBuildPhase section */

/* Begin PBXTargetDependency section */
		55A9C9FB299406E400AEF66E /* PBXTargetDependency */ = {
			isa = PBXTargetDependency;
			target = 55238DC02961C9B500AC0C43 /* cube_puzzle iOS */;
			targetProxy = 55A9C9FA299406E400AEF66E /* PBXContainerItemProxy */;
		};
		55C2995329901A130018224F /* PBXTargetDependency */ = {
			isa = PBXTargetDependency;
			target = 55238DC02961C9B500AC0C43 /* cube_puzzle iOS */;
			targetProxy = 55C2995229901A130018224F /* PBXContainerItemProxy */;
		};
/* End PBXTargetDependency section */

/* Begin PBXVariantGroup section */
		55238DDE2961C9B500AC0C43 /* Main.storyboard */ = {
			isa = PBXVariantGroup;
			children = (
				55238DDF2961C9B500AC0C43 /* Base */,
			);
			name = Main.storyboard;
			sourceTree = "<group>";
		};
		55238DE12961C9B500AC0C43 /* LaunchScreen.storyboard */ = {
			isa = PBXVariantGroup;
			children = (
				55238DE22961C9B500AC0C43 /* Base */,
			);
			name = LaunchScreen.storyboard;
			sourceTree = "<group>";
		};
		55238DF22961C9B500AC0C43 /* Main.storyboard */ = {
			isa = PBXVariantGroup;
			children = (
				55238DF32961C9B500AC0C43 /* Base */,
			);
			name = Main.storyboard;
			sourceTree = "<group>";
		};
/* End PBXVariantGroup section */

/* Begin XCBuildConfiguration section */
		55238E012961C9B500AC0C43 /* Debug */ = {
			isa = XCBuildConfiguration;
			baseConfigurationReference = 5502185D29622A3D00F0509F /* config.xcconfig */;
			buildSettings = {
				ALWAYS_SEARCH_USER_PATHS = NO;
				CLANG_ANALYZER_NONNULL = YES;
				CLANG_ANALYZER_NUMBER_OBJECT_CONVERSION = YES_AGGRESSIVE;
				CLANG_CXX_LANGUAGE_STANDARD = "gnu++20";
				CLANG_ENABLE_MODULES = YES;
				CLANG_ENABLE_OBJC_ARC = YES;
				CLANG_ENABLE_OBJC_WEAK = YES;
				CLANG_WARN_BLOCK_CAPTURE_AUTORELEASING = YES;
				CLANG_WARN_BOOL_CONVERSION = YES;
				CLANG_WARN_COMMA = YES;
				CLANG_WARN_CONSTANT_CONVERSION = YES;
				CLANG_WARN_DEPRECATED_OBJC_IMPLEMENTATIONS = YES;
				CLANG_WARN_DIRECT_OBJC_ISA_USAGE = YES_ERROR;
				CLANG_WARN_DOCUMENTATION_COMMENTS = YES;
				CLANG_WARN_EMPTY_BODY = YES;
				CLANG_WARN_ENUM_CONVERSION = YES;
				CLANG_WARN_INFINITE_RECURSION = YES;
				CLANG_WARN_INT_CONVERSION = YES;
				CLANG_WARN_NON_LITERAL_NULL_CONVERSION = YES;
				CLANG_WARN_OBJC_IMPLICIT_RETAIN_SELF = YES;
				CLANG_WARN_OBJC_LITERAL_CONVERSION = YES;
				CLANG_WARN_OBJC_ROOT_CLASS = YES_ERROR;
				CLANG_WARN_QUOTED_INCLUDE_IN_FRAMEWORK_HEADER = YES;
				CLANG_WARN_RANGE_LOOP_ANALYSIS = YES;
				CLANG_WARN_STRICT_PROTOTYPES = YES;
				CLANG_WARN_SUSPICIOUS_MOVE = YES;
				CLANG_WARN_UNGUARDED_AVAILABILITY = YES_AGGRESSIVE;
				CLANG_WARN_UNREACHABLE_CODE = YES;
				CLANG_WARN__DUPLICATE_METHOD_MATCH = YES;
				COPY_PHASE_STRIP = NO;
				DEBUG_INFORMATION_FORMAT = dwarf;
				ENABLE_STRICT_OBJC_MSGSEND = YES;
				ENABLE_TESTABILITY = YES;
				GCC_C_LANGUAGE_STANDARD = gnu11;
				GCC_DYNAMIC_NO_PIC = NO;
				GCC_NO_COMMON_BLOCKS = YES;
				GCC_OPTIMIZATION_LEVEL = 0;
				GCC_PREPROCESSOR_DEFINITIONS = (
					"DEBUG=1",
					"$(inherited)",
				);
				GCC_WARN_64_TO_32_BIT_CONVERSION = YES;
				GCC_WARN_ABOUT_RETURN_TYPE = YES_ERROR;
				GCC_WARN_UNDECLARED_SELECTOR = YES;
				GCC_WARN_UNINITIALIZED_AUTOS = YES_AGGRESSIVE;
				GCC_WARN_UNUSED_FUNCTION = YES;
				GCC_WARN_UNUSED_VARIABLE = YES;
				HEADER_SEARCH_PATHS = (
					"\"$(SRCROOT)/SDL/include\"/**",
					"\"$(SRCROOT)/SDL_mixer/include\"",
					"\"$(SRCROOT)/SDL_image/Xcode\"",
					"\"$(SRCROOT)/SDL_ttf/Xcode\"",
					"\"$(SRCROOT)/prepared\"",
				);
				IPHONEOS_DEPLOYMENT_TARGET = 13.0;
				MACOSX_DEPLOYMENT_TARGET = 12.0;
				MTL_ENABLE_DEBUG_INFO = INCLUDE_SOURCE;
				MTL_FAST_MATH = YES;
				ONLY_ACTIVE_ARCH = YES;
				PLATFORM = iOS;
			};
			name = Debug;
		};
		55238E022961C9B500AC0C43 /* Release */ = {
			isa = XCBuildConfiguration;
			baseConfigurationReference = 5502185D29622A3D00F0509F /* config.xcconfig */;
			buildSettings = {
				ALWAYS_SEARCH_USER_PATHS = NO;
				CLANG_ANALYZER_NONNULL = YES;
				CLANG_ANALYZER_NUMBER_OBJECT_CONVERSION = YES_AGGRESSIVE;
				CLANG_CXX_LANGUAGE_STANDARD = "gnu++20";
				CLANG_ENABLE_MODULES = YES;
				CLANG_ENABLE_OBJC_ARC = YES;
				CLANG_ENABLE_OBJC_WEAK = YES;
				CLANG_WARN_BLOCK_CAPTURE_AUTORELEASING = YES;
				CLANG_WARN_BOOL_CONVERSION = YES;
				CLANG_WARN_COMMA = YES;
				CLANG_WARN_CONSTANT_CONVERSION = YES;
				CLANG_WARN_DEPRECATED_OBJC_IMPLEMENTATIONS = YES;
				CLANG_WARN_DIRECT_OBJC_ISA_USAGE = YES_ERROR;
				CLANG_WARN_DOCUMENTATION_COMMENTS = YES;
				CLANG_WARN_EMPTY_BODY = YES;
				CLANG_WARN_ENUM_CONVERSION = YES;
				CLANG_WARN_INFINITE_RECURSION = YES;
				CLANG_WARN_INT_CONVERSION = YES;
				CLANG_WARN_NON_LITERAL_NULL_CONVERSION = YES;
				CLANG_WARN_OBJC_IMPLICIT_RETAIN_SELF = YES;
				CLANG_WARN_OBJC_LITERAL_CONVERSION = YES;
				CLANG_WARN_OBJC_ROOT_CLASS = YES_ERROR;
				CLANG_WARN_QUOTED_INCLUDE_IN_FRAMEWORK_HEADER = YES;
				CLANG_WARN_RANGE_LOOP_ANALYSIS = YES;
				CLANG_WARN_STRICT_PROTOTYPES = YES;
				CLANG_WARN_SUSPICIOUS_MOVE = YES;
				CLANG_WARN_UNGUARDED_AVAILABILITY = YES_AGGRESSIVE;
				CLANG_WARN_UNREACHABLE_CODE = YES;
				CLANG_WARN__DUPLICATE_METHOD_MATCH = YES;
				COPY_PHASE_STRIP = NO;
				DEBUG_INFORMATION_FORMAT = "dwarf-with-dsym";
				ENABLE_NS_ASSERTIONS = NO;
				ENABLE_STRICT_OBJC_MSGSEND = YES;
				GCC_C_LANGUAGE_STANDARD = gnu11;
				GCC_NO_COMMON_BLOCKS = YES;
				GCC_WARN_64_TO_32_BIT_CONVERSION = YES;
				GCC_WARN_ABOUT_RETURN_TYPE = YES_ERROR;
				GCC_WARN_UNDECLARED_SELECTOR = YES;
				GCC_WARN_UNINITIALIZED_AUTOS = YES_AGGRESSIVE;
				GCC_WARN_UNUSED_FUNCTION = YES;
				GCC_WARN_UNUSED_VARIABLE = YES;
				HEADER_SEARCH_PATHS = (
					"\"$(SRCROOT)/SDL/include\"/**",
					"\"$(SRCROOT)/SDL_mixer/include\"",
					"\"$(SRCROOT)/SDL_image/Xcode\"",
					"\"$(SRCROOT)/SDL_ttf/Xcode\"",
					"\"$(SRCROOT)/prepared\"",
				);
				IPHONEOS_DEPLOYMENT_TARGET = 13.0;
				MACOSX_DEPLOYMENT_TARGET = 12.0;
				MTL_ENABLE_DEBUG_INFO = NO;
				MTL_FAST_MATH = YES;
				PLATFORM = iOS;
			};
			name = Release;
		};
		55238E042961C9B500AC0C43 /* Debug */ = {
			isa = XCBuildConfiguration;
			baseConfigurationReference = 5502185D29622A3D00F0509F /* config.xcconfig */;
			buildSettings = {
				ALLOW_TARGET_PLATFORM_SPECIALIZATION = YES;
				ASSETCATALOG_COMPILER_APPICON_NAME = AppIcon;
				ASSETCATALOG_COMPILER_GLOBAL_ACCENT_COLOR_NAME = AccentColor;
				CODE_SIGN_ENTITLEMENTS = "cube_puzzle iOS.entitlements";
				CODE_SIGN_STYLE = Automatic;
				CURRENT_PROJECT_VERSION = 16;
				DEVELOPMENT_TEAM = 98ZXK38P8L;
				GENERATE_INFOPLIST_FILE = YES;
				HEADER_SEARCH_PATHS = (
					"\"$(SRCROOT)/SDL_ttf/Xcode\"",
					"\"$(SRCROOT)/SDL_mixer/include\"",
					"\"$(SRCROOT)/SDL_image/Xcode\"",
					"\"$(SRCROOT)/SDL/include\"",
					"\"$(SRCROOT)/prepared\"",
				);
				INFOPLIST_FILE = "cube-puzzle-iOS-Info.plist";
				INFOPLIST_KEY_LSApplicationCategoryType = "public.app-category.puzzle-games";
				INFOPLIST_KEY_NSBluetoothAlwaysUsageDescription = "Connecting to bluetooth devices to play music or to get controller input ist required.";
				INFOPLIST_KEY_UIApplicationSupportsIndirectInputEvents = YES;
				INFOPLIST_KEY_UILaunchStoryboardName = LaunchScreen.storyboard;
				INFOPLIST_KEY_UIRequiresFullScreen = YES;
				INFOPLIST_KEY_UIStatusBarHidden = YES;
				INFOPLIST_KEY_UISupportedInterfaceOrientations = "UIInterfaceOrientationLandscapeLeft UIInterfaceOrientationLandscapeRight";
				INFOPLIST_KEY_UISupportedInterfaceOrientations_iPad = "UIInterfaceOrientationLandscapeLeft UIInterfaceOrientationLandscapeRight UIInterfaceOrientationPortrait UIInterfaceOrientationPortraitUpsideDown";
				IPHONEOS_DEPLOYMENT_TARGET = 13.0;
				LD_RUNPATH_SEARCH_PATHS = (
					"$(LD_RUNPATH_SEARCH_PATHS_$(IS_MACCATALYST))",
					"@executable_path/Frameworks",
				);
				MARKETING_VERSION = 1.1;
				PRODUCT_BUNDLE_IDENTIFIER = "de.universegame.cube-puzzle";
				PRODUCT_NAME = cube_puzzle;
				SDKROOT = iphoneos;
				SUPPORTED_PLATFORMS = "iphoneos iphonesimulator";
				SUPPORTS_MACCATALYST = NO;
				SUPPORTS_MAC_DESIGNED_FOR_IPHONE_IPAD = YES;
				SWIFT_EMIT_LOC_STRINGS = YES;
				TARGETED_DEVICE_FAMILY = "1,2";
			};
			name = Debug;
		};
		55238E052961C9B500AC0C43 /* Release */ = {
			isa = XCBuildConfiguration;
			baseConfigurationReference = 5502185D29622A3D00F0509F /* config.xcconfig */;
			buildSettings = {
				ALLOW_TARGET_PLATFORM_SPECIALIZATION = YES;
				ASSETCATALOG_COMPILER_APPICON_NAME = AppIcon;
				ASSETCATALOG_COMPILER_GLOBAL_ACCENT_COLOR_NAME = AccentColor;
				CODE_SIGN_ENTITLEMENTS = "cube_puzzle iOS.entitlements";
				CODE_SIGN_STYLE = Automatic;
				CURRENT_PROJECT_VERSION = 16;
				DEVELOPMENT_TEAM = 98ZXK38P8L;
				GENERATE_INFOPLIST_FILE = YES;
				HEADER_SEARCH_PATHS = (
					"\"$(SRCROOT)/SDL_ttf/Xcode\"",
					"\"$(SRCROOT)/SDL_mixer/include\"",
					"\"$(SRCROOT)/SDL_image/Xcode\"",
					"\"$(SRCROOT)/SDL/include\"",
					"\"$(SRCROOT)/prepared\"",
				);
				INFOPLIST_FILE = "cube-puzzle-iOS-Info.plist";
				INFOPLIST_KEY_LSApplicationCategoryType = "public.app-category.puzzle-games";
				INFOPLIST_KEY_NSBluetoothAlwaysUsageDescription = "Connecting to bluetooth devices to play music or to get controller input ist required.";
				INFOPLIST_KEY_UIApplicationSupportsIndirectInputEvents = YES;
				INFOPLIST_KEY_UILaunchStoryboardName = LaunchScreen.storyboard;
				INFOPLIST_KEY_UIRequiresFullScreen = YES;
				INFOPLIST_KEY_UIStatusBarHidden = YES;
				INFOPLIST_KEY_UISupportedInterfaceOrientations = "UIInterfaceOrientationLandscapeLeft UIInterfaceOrientationLandscapeRight";
				INFOPLIST_KEY_UISupportedInterfaceOrientations_iPad = "UIInterfaceOrientationLandscapeLeft UIInterfaceOrientationLandscapeRight UIInterfaceOrientationPortrait UIInterfaceOrientationPortraitUpsideDown";
				IPHONEOS_DEPLOYMENT_TARGET = 13.0;
				LD_RUNPATH_SEARCH_PATHS = (
					"$(LD_RUNPATH_SEARCH_PATHS_$(IS_MACCATALYST))",
					"@executable_path/Frameworks",
				);
				MARKETING_VERSION = 1.1;
				PRODUCT_BUNDLE_IDENTIFIER = "de.universegame.cube-puzzle";
				PRODUCT_NAME = cube_puzzle;
				SDKROOT = iphoneos;
				SUPPORTED_PLATFORMS = "iphoneos iphonesimulator";
				SUPPORTS_MACCATALYST = NO;
				SUPPORTS_MAC_DESIGNED_FOR_IPHONE_IPAD = YES;
				SWIFT_EMIT_LOC_STRINGS = YES;
				TARGETED_DEVICE_FAMILY = "1,2";
			};
			name = Release;
		};
		55238E072961C9B500AC0C43 /* Debug */ = {
			isa = XCBuildConfiguration;
			buildSettings = {
				ASSETCATALOG_COMPILER_APPICON_NAME = "tvOS App Icon & Top Shelf Image";
				ASSETCATALOG_COMPILER_GLOBAL_ACCENT_COLOR_NAME = AccentColor;
				CODE_SIGN_STYLE = Automatic;
				CURRENT_PROJECT_VERSION = 1;
				DEVELOPMENT_TEAM = 98ZXK38P8L;
				GENERATE_INFOPLIST_FILE = YES;
				HEADER_SEARCH_PATHS = (
					"\"$(SRCROOT)/SDL_ttf/Xcode\"",
					"\"$(SRCROOT)/SDL_mixer/include\"",
					"\"$(SRCROOT)/SDL_image/Xcode\"",
				);
				INFOPLIST_KEY_UILaunchStoryboardName = LaunchScreen;
				INFOPLIST_KEY_UIUserInterfaceStyle = Automatic;
				LD_RUNPATH_SEARCH_PATHS = (
					"$(inherited)",
					"@executable_path/Frameworks",
				);
				MARKETING_VERSION = 1.0;
				PRODUCT_BUNDLE_IDENTIFIER = "de.universegame.cube-puzzle.tv";
				PRODUCT_NAME = cube_puzzle;
				SDKROOT = appletvos;
				SWIFT_EMIT_LOC_STRINGS = YES;
				TARGETED_DEVICE_FAMILY = 3;
				TVOS_DEPLOYMENT_TARGET = 16.1;
			};
			name = Debug;
		};
		55238E082961C9B500AC0C43 /* Release */ = {
			isa = XCBuildConfiguration;
			buildSettings = {
				ASSETCATALOG_COMPILER_APPICON_NAME = "tvOS App Icon & Top Shelf Image";
				ASSETCATALOG_COMPILER_GLOBAL_ACCENT_COLOR_NAME = AccentColor;
				CODE_SIGN_STYLE = Automatic;
				CURRENT_PROJECT_VERSION = 1;
				DEVELOPMENT_TEAM = 98ZXK38P8L;
				GENERATE_INFOPLIST_FILE = YES;
				HEADER_SEARCH_PATHS = (
					"\"$(SRCROOT)/SDL_ttf/Xcode\"",
					"\"$(SRCROOT)/SDL_mixer/include\"",
					"\"$(SRCROOT)/SDL_image/Xcode\"",
				);
				INFOPLIST_KEY_UILaunchStoryboardName = LaunchScreen;
				INFOPLIST_KEY_UIUserInterfaceStyle = Automatic;
				LD_RUNPATH_SEARCH_PATHS = (
					"$(inherited)",
					"@executable_path/Frameworks",
				);
				MARKETING_VERSION = 1.0;
				PRODUCT_BUNDLE_IDENTIFIER = "de.universegame.cube-puzzle.tv";
				PRODUCT_NAME = cube_puzzle;
				SDKROOT = appletvos;
				SWIFT_EMIT_LOC_STRINGS = YES;
				TARGETED_DEVICE_FAMILY = 3;
				TVOS_DEPLOYMENT_TARGET = 16.1;
				VALIDATE_PRODUCT = YES;
			};
			name = Release;
		};
		55238E0A2961C9B500AC0C43 /* Debug */ = {
			isa = XCBuildConfiguration;
			buildSettings = {
				ASSETCATALOG_COMPILER_APPICON_NAME = AppIcon;
				ASSETCATALOG_COMPILER_GLOBAL_ACCENT_COLOR_NAME = AccentColor;
				CODE_SIGN_ENTITLEMENTS = macOS/cube_puzzle_macOS.entitlements;
				"CODE_SIGN_IDENTITY[sdk=macosx*]" = "Apple Development";
				CODE_SIGN_STYLE = Automatic;
				COMBINE_HIDPI_IMAGES = YES;
				CURRENT_PROJECT_VERSION = 1;
				DEVELOPMENT_TEAM = 98ZXK38P8L;
				ENABLE_HARDENED_RUNTIME = YES;
				GENERATE_INFOPLIST_FILE = YES;
				HEADER_SEARCH_PATHS = (
					"\"$(SRCROOT)/SDL_ttf/Xcode\"",
					"\"$(SRCROOT)/SDL_mixer/include\"",
					"\"$(SRCROOT)/SDL_image/Xcode\"",
					"\"$(SRCROOT)/SDL/include\"",
					"\"$(SRCROOT)/prepared\"",
				);
				INFOPLIST_KEY_NSHumanReadableCopyright = "";
				INFOPLIST_KEY_NSPrincipalClass = NSApplication;
				LD_RUNPATH_SEARCH_PATHS = (
					"$(inherited)",
					"@executable_path/../Frameworks",
				);
				MACOSX_DEPLOYMENT_TARGET = 13.1;
				MARKETING_VERSION = 1.0;
				PRODUCT_BUNDLE_IDENTIFIER = "de.universegame.cube-puzzle.mac";
				PRODUCT_NAME = cube_puzzle;
				SDKROOT = macosx;
				SWIFT_EMIT_LOC_STRINGS = YES;
			};
			name = Debug;
		};
		55238E0B2961C9B500AC0C43 /* Release */ = {
			isa = XCBuildConfiguration;
			buildSettings = {
				ASSETCATALOG_COMPILER_APPICON_NAME = AppIcon;
				ASSETCATALOG_COMPILER_GLOBAL_ACCENT_COLOR_NAME = AccentColor;
				CODE_SIGN_ENTITLEMENTS = macOS/cube_puzzle_macOS.entitlements;
				"CODE_SIGN_IDENTITY[sdk=macosx*]" = "Apple Development";
				CODE_SIGN_STYLE = Automatic;
				COMBINE_HIDPI_IMAGES = YES;
				CURRENT_PROJECT_VERSION = 1;
				DEVELOPMENT_TEAM = 98ZXK38P8L;
				ENABLE_HARDENED_RUNTIME = YES;
				GENERATE_INFOPLIST_FILE = YES;
				HEADER_SEARCH_PATHS = (
					"\"$(SRCROOT)/SDL_ttf/Xcode\"",
					"\"$(SRCROOT)/SDL_mixer/include\"",
					"\"$(SRCROOT)/SDL_image/Xcode\"",
					"\"$(SRCROOT)/SDL/include\"",
					"\"$(SRCROOT)/prepared\"",
				);
				INFOPLIST_KEY_NSHumanReadableCopyright = "";
				INFOPLIST_KEY_NSPrincipalClass = NSApplication;
				LD_RUNPATH_SEARCH_PATHS = (
					"$(inherited)",
					"@executable_path/../Frameworks",
				);
				MACOSX_DEPLOYMENT_TARGET = 13.1;
				MARKETING_VERSION = 1.0;
				PRODUCT_BUNDLE_IDENTIFIER = "de.universegame.cube-puzzle.mac";
				PRODUCT_NAME = cube_puzzle;
				SDKROOT = macosx;
				SWIFT_EMIT_LOC_STRINGS = YES;
			};
			name = Release;
		};
		55A9C9FD299406E400AEF66E /* Debug */ = {
			isa = XCBuildConfiguration;
			buildSettings = {
				CODE_SIGN_STYLE = Automatic;
				CURRENT_PROJECT_VERSION = 1;
				DEVELOPMENT_TEAM = 98ZXK38P8L;
				GENERATE_INFOPLIST_FILE = YES;
				IPHONEOS_DEPLOYMENT_TARGET = 16.2;
				MARKETING_VERSION = 1.0;
				PRODUCT_BUNDLE_IDENTIFIER = de.universegame.testtest;
				PRODUCT_NAME = "$(TARGET_NAME)";
				SDKROOT = iphoneos;
				SWIFT_ACTIVE_COMPILATION_CONDITIONS = DEBUG;
				SWIFT_EMIT_LOC_STRINGS = NO;
				SWIFT_OPTIMIZATION_LEVEL = "-Onone";
				SWIFT_VERSION = 5.0;
				TARGETED_DEVICE_FAMILY = "1,2";
				TEST_TARGET_NAME = "cube_puzzle iOS";
			};
			name = Debug;
		};
		55A9C9FE299406E400AEF66E /* Release */ = {
			isa = XCBuildConfiguration;
			buildSettings = {
				CODE_SIGN_STYLE = Automatic;
				CURRENT_PROJECT_VERSION = 1;
				DEVELOPMENT_TEAM = 98ZXK38P8L;
				GENERATE_INFOPLIST_FILE = YES;
				IPHONEOS_DEPLOYMENT_TARGET = 16.2;
				MARKETING_VERSION = 1.0;
				PRODUCT_BUNDLE_IDENTIFIER = de.universegame.testtest;
				PRODUCT_NAME = "$(TARGET_NAME)";
				SDKROOT = iphoneos;
				SWIFT_COMPILATION_MODE = wholemodule;
				SWIFT_EMIT_LOC_STRINGS = NO;
				SWIFT_OPTIMIZATION_LEVEL = "-O";
				SWIFT_VERSION = 5.0;
				TARGETED_DEVICE_FAMILY = "1,2";
				TEST_TARGET_NAME = "cube_puzzle iOS";
				VALIDATE_PRODUCT = YES;
			};
			name = Release;
		};
		55C2995529901A130018224F /* Debug */ = {
			isa = XCBuildConfiguration;
			buildSettings = {
				CODE_SIGN_STYLE = Automatic;
				CURRENT_PROJECT_VERSION = 1;
				DEVELOPMENT_TEAM = 98ZXK38P8L;
				GENERATE_INFOPLIST_FILE = YES;
				IPHONEOS_DEPLOYMENT_TARGET = 16.2;
				MARKETING_VERSION = 1.0;
				PRODUCT_BUNDLE_IDENTIFIER = "de.universegame.cube-puzzleUITests";
				PRODUCT_NAME = "$(TARGET_NAME)";
				SDKROOT = iphoneos;
				SWIFT_ACTIVE_COMPILATION_CONDITIONS = DEBUG;
				SWIFT_EMIT_LOC_STRINGS = NO;
				SWIFT_OPTIMIZATION_LEVEL = "-Onone";
				SWIFT_VERSION = 5.0;
				TARGETED_DEVICE_FAMILY = "1,2";
				TEST_TARGET_NAME = "cube_puzzle iOS";
			};
			name = Debug;
		};
		55C2995629901A130018224F /* Release */ = {
			isa = XCBuildConfiguration;
			buildSettings = {
				CODE_SIGN_STYLE = Automatic;
				CURRENT_PROJECT_VERSION = 1;
				DEVELOPMENT_TEAM = 98ZXK38P8L;
				GENERATE_INFOPLIST_FILE = YES;
				IPHONEOS_DEPLOYMENT_TARGET = 16.2;
				MARKETING_VERSION = 1.0;
				PRODUCT_BUNDLE_IDENTIFIER = "de.universegame.cube-puzzleUITests";
				PRODUCT_NAME = "$(TARGET_NAME)";
				SDKROOT = iphoneos;
				SWIFT_COMPILATION_MODE = wholemodule;
				SWIFT_EMIT_LOC_STRINGS = NO;
				SWIFT_OPTIMIZATION_LEVEL = "-O";
				SWIFT_VERSION = 5.0;
				TARGETED_DEVICE_FAMILY = "1,2";
				TEST_TARGET_NAME = "cube_puzzle iOS";
				VALIDATE_PRODUCT = YES;
			};
			name = Release;
		};
/* End XCBuildConfiguration section */

/* Begin XCConfigurationList section */
		55238DB62961C9B400AC0C43 /* Build configuration list for PBXProject "cube_puzzle" */ = {
			isa = XCConfigurationList;
			buildConfigurations = (
				55238E012961C9B500AC0C43 /* Debug */,
				55238E022961C9B500AC0C43 /* Release */,
			);
			defaultConfigurationIsVisible = 0;
			defaultConfigurationName = Release;
		};
		55238E032961C9B500AC0C43 /* Build configuration list for PBXNativeTarget "cube_puzzle iOS" */ = {
			isa = XCConfigurationList;
			buildConfigurations = (
				55238E042961C9B500AC0C43 /* Debug */,
				55238E052961C9B500AC0C43 /* Release */,
			);
			defaultConfigurationIsVisible = 0;
			defaultConfigurationName = Release;
		};
		55238E062961C9B500AC0C43 /* Build configuration list for PBXNativeTarget "cube_puzzle tvOS" */ = {
			isa = XCConfigurationList;
			buildConfigurations = (
				55238E072961C9B500AC0C43 /* Debug */,
				55238E082961C9B500AC0C43 /* Release */,
			);
			defaultConfigurationIsVisible = 0;
			defaultConfigurationName = Release;
		};
		55238E092961C9B500AC0C43 /* Build configuration list for PBXNativeTarget "cube_puzzle macOS" */ = {
			isa = XCConfigurationList;
			buildConfigurations = (
				55238E0A2961C9B500AC0C43 /* Debug */,
				55238E0B2961C9B500AC0C43 /* Release */,
			);
			defaultConfigurationIsVisible = 0;
			defaultConfigurationName = Release;
		};
		55A9C9FC299406E400AEF66E /* Build configuration list for PBXNativeTarget "testtest" */ = {
			isa = XCConfigurationList;
			buildConfigurations = (
				55A9C9FD299406E400AEF66E /* Debug */,
				55A9C9FE299406E400AEF66E /* Release */,
			);
			defaultConfigurationIsVisible = 0;
			defaultConfigurationName = Release;
		};
		55C2995429901A130018224F /* Build configuration list for PBXNativeTarget "cube_puzzleUITests" */ = {
			isa = XCConfigurationList;
			buildConfigurations = (
				55C2995529901A130018224F /* Debug */,
				55C2995629901A130018224F /* Release */,
			);
			defaultConfigurationIsVisible = 0;
			defaultConfigurationName = Release;
		};
/* End XCConfigurationList section */
	};
	rootObject = 55238DB32961C9B400AC0C43 /* Project object */;
}
